// !$*UTF8*$!
{
	archiveVersion = 1;
	classes = {
	};
	objectVersion = 52;
	objects = {

/* Begin PBXBuildFile section */
		84088D8C25B9D59A00264589 /* TofyWalletApp.swift in Sources */ = {isa = PBXBuildFile; fileRef = 84088D8B25B9D59A00264589 /* TofyWalletApp.swift */; };
		84088D8E25B9D59A00264589 /* ContentView.swift in Sources */ = {isa = PBXBuildFile; fileRef = 84088D8D25B9D59A00264589 /* ContentView.swift */; };
		84088D9025B9D59D00264589 /* Assets.xcassets in Resources */ = {isa = PBXBuildFile; fileRef = 84088D8F25B9D59D00264589 /* Assets.xcassets */; };
		84088D9325B9D59D00264589 /* Preview Assets.xcassets in Resources */ = {isa = PBXBuildFile; fileRef = 84088D9225B9D59D00264589 /* Preview Assets.xcassets */; };
		84088D9E25B9D59D00264589 /* TofyWalletTests.swift in Sources */ = {isa = PBXBuildFile; fileRef = 84088D9D25B9D59D00264589 /* TofyWalletTests.swift */; };
		84088DA925B9D59D00264589 /* TofyWalletUITests.swift in Sources */ = {isa = PBXBuildFile; fileRef = 84088DA825B9D59D00264589 /* TofyWalletUITests.swift */; };
		84088DBB25B9D66B00264589 /* Colores.swift in Sources */ = {isa = PBXBuildFile; fileRef = 84088DBA25B9D66B00264589 /* Colores.swift */; };
		84088DBC25B9D66B00264589 /* Colores.swift in Sources */ = {isa = PBXBuildFile; fileRef = 84088DBA25B9D66B00264589 /* Colores.swift */; };
		84088DBD25B9D66B00264589 /* Colores.swift in Sources */ = {isa = PBXBuildFile; fileRef = 84088DBA25B9D66B00264589 /* Colores.swift */; };
		84088DC525B9D73A00264589 /* TextView.swift in Sources */ = {isa = PBXBuildFile; fileRef = 84088DC425B9D73A00264589 /* TextView.swift */; };
		84088DC625B9D73A00264589 /* TextView.swift in Sources */ = {isa = PBXBuildFile; fileRef = 84088DC425B9D73A00264589 /* TextView.swift */; };
		84088DC725B9D73A00264589 /* TextView.swift in Sources */ = {isa = PBXBuildFile; fileRef = 84088DC425B9D73A00264589 /* TextView.swift */; };
		84088DCC25B9D80900264589 /* Botones.swift in Sources */ = {isa = PBXBuildFile; fileRef = 84088DCB25B9D80900264589 /* Botones.swift */; };
		84088DCD25B9D80900264589 /* Botones.swift in Sources */ = {isa = PBXBuildFile; fileRef = 84088DCB25B9D80900264589 /* Botones.swift */; };
		84088DCE25B9D80900264589 /* Botones.swift in Sources */ = {isa = PBXBuildFile; fileRef = 84088DCB25B9D80900264589 /* Botones.swift */; };
		84088DD325B9D85A00264589 /* BaseView.swift in Sources */ = {isa = PBXBuildFile; fileRef = 84088DD225B9D85A00264589 /* BaseView.swift */; };
		84088DD425B9D85A00264589 /* BaseView.swift in Sources */ = {isa = PBXBuildFile; fileRef = 84088DD225B9D85A00264589 /* BaseView.swift */; };
		84088DD525B9D85A00264589 /* BaseView.swift in Sources */ = {isa = PBXBuildFile; fileRef = 84088DD225B9D85A00264589 /* BaseView.swift */; };
		84088DDA25B9D8A100264589 /* LottieView.swift in Sources */ = {isa = PBXBuildFile; fileRef = 84088DD925B9D8A100264589 /* LottieView.swift */; };
		84088DDB25B9D8A100264589 /* LottieView.swift in Sources */ = {isa = PBXBuildFile; fileRef = 84088DD925B9D8A100264589 /* LottieView.swift */; };
		84088DDC25B9D8A100264589 /* LottieView.swift in Sources */ = {isa = PBXBuildFile; fileRef = 84088DD925B9D8A100264589 /* LottieView.swift */; };
		84088DE225B9D93200264589 /* Lottie in Frameworks */ = {isa = PBXBuildFile; productRef = 84088DE125B9D93200264589 /* Lottie */; };
		84088DEA25B9D98800264589 /* Modifiers.swift in Sources */ = {isa = PBXBuildFile; fileRef = 84088DE925B9D98800264589 /* Modifiers.swift */; };
		84088DEB25B9D98800264589 /* Modifiers.swift in Sources */ = {isa = PBXBuildFile; fileRef = 84088DE925B9D98800264589 /* Modifiers.swift */; };
		84088DEC25B9D98800264589 /* Modifiers.swift in Sources */ = {isa = PBXBuildFile; fileRef = 84088DE925B9D98800264589 /* Modifiers.swift */; };
		84088DF125B9D9E800264589 /* Extensions.swift in Sources */ = {isa = PBXBuildFile; fileRef = 84088DF025B9D9E800264589 /* Extensions.swift */; };
		84088DF225B9D9E800264589 /* Extensions.swift in Sources */ = {isa = PBXBuildFile; fileRef = 84088DF025B9D9E800264589 /* Extensions.swift */; };
		84088DF325B9D9E800264589 /* Extensions.swift in Sources */ = {isa = PBXBuildFile; fileRef = 84088DF025B9D9E800264589 /* Extensions.swift */; };
		84088DF825B9DA1700264589 /* BiometriaHelper.swift in Sources */ = {isa = PBXBuildFile; fileRef = 84088DF725B9DA1700264589 /* BiometriaHelper.swift */; };
		84088DF925B9DA1700264589 /* BiometriaHelper.swift in Sources */ = {isa = PBXBuildFile; fileRef = 84088DF725B9DA1700264589 /* BiometriaHelper.swift */; };
		84088DFA25B9DA1700264589 /* BiometriaHelper.swift in Sources */ = {isa = PBXBuildFile; fileRef = 84088DF725B9DA1700264589 /* BiometriaHelper.swift */; };
		84088DFF25B9DA5500264589 /* Localizable.strings in Resources */ = {isa = PBXBuildFile; fileRef = 84088DFE25B9DA5500264589 /* Localizable.strings */; };
		84088E0025B9DA5500264589 /* Localizable.strings in Resources */ = {isa = PBXBuildFile; fileRef = 84088DFE25B9DA5500264589 /* Localizable.strings */; };
		84088E0125B9DA5500264589 /* Localizable.strings in Resources */ = {isa = PBXBuildFile; fileRef = 84088DFE25B9DA5500264589 /* Localizable.strings */; };
		84088E0725B9E53D00264589 /* ApiManager.swift in Sources */ = {isa = PBXBuildFile; fileRef = 84088E0625B9E53D00264589 /* ApiManager.swift */; };
		84088E0825B9E53D00264589 /* ApiManager.swift in Sources */ = {isa = PBXBuildFile; fileRef = 84088E0625B9E53D00264589 /* ApiManager.swift */; };
		84088E0925B9E53D00264589 /* ApiManager.swift in Sources */ = {isa = PBXBuildFile; fileRef = 84088E0625B9E53D00264589 /* ApiManager.swift */; };
		84088E1125B9E5C800264589 /* Usuario.swift in Sources */ = {isa = PBXBuildFile; fileRef = 84088E1025B9E5C800264589 /* Usuario.swift */; };
		84088E1225B9E5C800264589 /* Usuario.swift in Sources */ = {isa = PBXBuildFile; fileRef = 84088E1025B9E5C800264589 /* Usuario.swift */; };
		84088E1325B9E5C800264589 /* Usuario.swift in Sources */ = {isa = PBXBuildFile; fileRef = 84088E1025B9E5C800264589 /* Usuario.swift */; };
		84232E6C25C1BBD9006E424A /* SiNoPopup.swift in Sources */ = {isa = PBXBuildFile; fileRef = 84232E6B25C1BBD9006E424A /* SiNoPopup.swift */; };
		84232E7125C1CF6B006E424A /* SinGrupoView.swift in Sources */ = {isa = PBXBuildFile; fileRef = 84232E7025C1CF6B006E424A /* SinGrupoView.swift */; };
		84232E7625C21860006E424A /* PeriodoViewModel.swift in Sources */ = {isa = PBXBuildFile; fileRef = 84232E7525C21860006E424A /* PeriodoViewModel.swift */; };
		84232E7F25C21AC3006E424A /* SinPeriodoView.swift in Sources */ = {isa = PBXBuildFile; fileRef = 84232E7E25C21AC3006E424A /* SinPeriodoView.swift */; };
		848DC11725BAF09200F94731 /* MainView.swift in Sources */ = {isa = PBXBuildFile; fileRef = 848DC11625BAF09200F94731 /* MainView.swift */; };
		848DC12225BAF14300F94731 /* HomeView.swift in Sources */ = {isa = PBXBuildFile; fileRef = 848DC12125BAF14300F94731 /* HomeView.swift */; };
		848DC12A25BAF14F00F94731 /* PeriodoView.swift in Sources */ = {isa = PBXBuildFile; fileRef = 848DC12925BAF14F00F94731 /* PeriodoView.swift */; };
		848DC13225BAF17800F94731 /* HistoricoView.swift in Sources */ = {isa = PBXBuildFile; fileRef = 848DC13125BAF17800F94731 /* HistoricoView.swift */; };
		848DC16525BC25E600F94731 /* InitialView.swift in Sources */ = {isa = PBXBuildFile; fileRef = 848DC16425BC25E600F94731 /* InitialView.swift */; };
		848DC16A25BC27CE00F94731 /* InitialViewModel.swift in Sources */ = {isa = PBXBuildFile; fileRef = 848DC16925BC27CE00F94731 /* InitialViewModel.swift */; };
		848DC17025BC62ED00F94731 /* LoginView.swift in Sources */ = {isa = PBXBuildFile; fileRef = 848DC16F25BC62ED00F94731 /* LoginView.swift */; };
		848DC17825BC642400F94731 /* LoginViewModel.swift in Sources */ = {isa = PBXBuildFile; fileRef = 848DC17725BC642400F94731 /* LoginViewModel.swift */; };
		848DC17E25BC685E00F94731 /* loading.json in Resources */ = {isa = PBXBuildFile; fileRef = 848DC17D25BC685E00F94731 /* loading.json */; };
		848DC18325BCDA4F00F94731 /* HomeItemView.swift in Sources */ = {isa = PBXBuildFile; fileRef = 848DC18225BCDA4F00F94731 /* HomeItemView.swift */; };
		848DC18925BCDBEF00F94731 /* HomeViewModel.swift in Sources */ = {isa = PBXBuildFile; fileRef = 848DC18825BCDBEF00F94731 /* HomeViewModel.swift */; };
		84B369D625BD810A00CCD552 /* GrupoView.swift in Sources */ = {isa = PBXBuildFile; fileRef = 84B369D525BD810A00CCD552 /* GrupoView.swift */; };
		84B369DB25BD867300CCD552 /* GrupoViewModel.swift in Sources */ = {isa = PBXBuildFile; fileRef = 84B369DA25BD867300CCD552 /* GrupoViewModel.swift */; };
		84B369E325BEC9D000CCD552 /* Grupo.swift in Sources */ = {isa = PBXBuildFile; fileRef = 84B369E225BEC9D000CCD552 /* Grupo.swift */; };
		84B369E825BED0F500CCD552 /* ConGrupoView.swift in Sources */ = {isa = PBXBuildFile; fileRef = 84B369E725BED0F500CCD552 /* ConGrupoView.swift */; };
		84B369FA25BEF86000CCD552 /* CategoriasImagenPopup.swift in Sources */ = {isa = PBXBuildFile; fileRef = 84B369F925BEF86000CCD552 /* CategoriasImagenPopup.swift */; };
		84B36A1A25BF144E00CCD552 /* CategoriasImagenesViewModel.swift in Sources */ = {isa = PBXBuildFile; fileRef = 84B36A1925BF144E00CCD552 /* CategoriasImagenesViewModel.swift */; };
		84B36A2025BF239400CCD552 /* CategoriaItem.swift in Sources */ = {isa = PBXBuildFile; fileRef = 84B36A1F25BF239400CCD552 /* CategoriaItem.swift */; };
		84B36A2B25BF2A1F00CCD552 /* CategoriaEditandoItem.swift in Sources */ = {isa = PBXBuildFile; fileRef = 84B36A2A25BF2A1F00CCD552 /* CategoriaEditandoItem.swift */; };
		84C0BF2525C40404001381F0 /* BarrasChart.swift in Sources */ = {isa = PBXBuildFile; fileRef = 84C0BF2425C40404001381F0 /* BarrasChart.swift */; };
		84C0BF2D25C40C4A001381F0 /* PeriodoActivoView.swift in Sources */ = {isa = PBXBuildFile; fileRef = 84C0BF2C25C40C4A001381F0 /* PeriodoActivoView.swift */; };
		84C0BF3225C41AF9001381F0 /* PeriodoActivoViewModel.swift in Sources */ = {isa = PBXBuildFile; fileRef = 84C0BF3125C41AF9001381F0 /* PeriodoActivoViewModel.swift */; };
		84C0BF3B25C42AEC001381F0 /* AnadirMovimientoView.swift in Sources */ = {isa = PBXBuildFile; fileRef = 84C0BF3A25C42AEC001381F0 /* AnadirMovimientoView.swift */; };
		84C0BF4125C43074001381F0 /* ElegirCategoriaView.swift in Sources */ = {isa = PBXBuildFile; fileRef = 84C0BF4025C43074001381F0 /* ElegirCategoriaView.swift */; };
		84C0BF4925C4308A001381F0 /* ElegirCategoriaViewModel.swift in Sources */ = {isa = PBXBuildFile; fileRef = 84C0BF4825C4308A001381F0 /* ElegirCategoriaViewModel.swift */; };
		862559BF25CF005C006323DA /* MovimientoItem.swift in Sources */ = {isa = PBXBuildFile; fileRef = 862559BE25CF005C006323DA /* MovimientoItem.swift */; };
		862559D325CFFD4D006323DA /* CategoriaHeader.swift in Sources */ = {isa = PBXBuildFile; fileRef = 862559D225CFFD4D006323DA /* CategoriaHeader.swift */; };
		86E8C5FD25D04D10007ECE2B /* PeriodoFinalizadoPopup.swift in Sources */ = {isa = PBXBuildFile; fileRef = 86E8C5FC25D04D10007ECE2B /* PeriodoFinalizadoPopup.swift */; };
		86E8C61025D05261007ECE2B /* congratulation.json in Resources */ = {isa = PBXBuildFile; fileRef = 86E8C60F25D05261007ECE2B /* congratulation.json */; };
		9769940525D26536005E9777 /* SelectableBoxItem.swift in Sources */ = {isa = PBXBuildFile; fileRef = 9769940425D26536005E9777 /* SelectableBoxItem.swift */; };
		97DE496725D261E7006B6435 /* HistoricoViewModel.swift in Sources */ = {isa = PBXBuildFile; fileRef = 97DE496625D261E7006B6435 /* HistoricoViewModel.swift */; };
		97F2FCF525D70FA500E42FD4 /* BarrasHistoricoChart.swift in Sources */ = {isa = PBXBuildFile; fileRef = 97F2FCF425D70FA500E42FD4 /* BarrasHistoricoChart.swift */; };
/* End PBXBuildFile section */

/* Begin PBXContainerItemProxy section */
		84088D9A25B9D59D00264589 /* PBXContainerItemProxy */ = {
			isa = PBXContainerItemProxy;
			containerPortal = 84088D8025B9D59A00264589 /* Project object */;
			proxyType = 1;
			remoteGlobalIDString = 84088D8725B9D59A00264589;
			remoteInfo = TofyWallet;
		};
		84088DA525B9D59D00264589 /* PBXContainerItemProxy */ = {
			isa = PBXContainerItemProxy;
			containerPortal = 84088D8025B9D59A00264589 /* Project object */;
			proxyType = 1;
			remoteGlobalIDString = 84088D8725B9D59A00264589;
			remoteInfo = TofyWallet;
		};
/* End PBXContainerItemProxy section */

/* Begin PBXFileReference section */
		84088D8825B9D59A00264589 /* TofyWallet.app */ = {isa = PBXFileReference; explicitFileType = wrapper.application; includeInIndex = 0; path = TofyWallet.app; sourceTree = BUILT_PRODUCTS_DIR; };
		84088D8B25B9D59A00264589 /* TofyWalletApp.swift */ = {isa = PBXFileReference; lastKnownFileType = sourcecode.swift; path = TofyWalletApp.swift; sourceTree = "<group>"; };
		84088D8D25B9D59A00264589 /* ContentView.swift */ = {isa = PBXFileReference; lastKnownFileType = sourcecode.swift; path = ContentView.swift; sourceTree = "<group>"; };
		84088D8F25B9D59D00264589 /* Assets.xcassets */ = {isa = PBXFileReference; lastKnownFileType = folder.assetcatalog; path = Assets.xcassets; sourceTree = "<group>"; };
		84088D9225B9D59D00264589 /* Preview Assets.xcassets */ = {isa = PBXFileReference; lastKnownFileType = folder.assetcatalog; path = "Preview Assets.xcassets"; sourceTree = "<group>"; };
		84088D9425B9D59D00264589 /* Info.plist */ = {isa = PBXFileReference; lastKnownFileType = text.plist.xml; path = Info.plist; sourceTree = "<group>"; };
		84088D9925B9D59D00264589 /* TofyWalletTests.xctest */ = {isa = PBXFileReference; explicitFileType = wrapper.cfbundle; includeInIndex = 0; path = TofyWalletTests.xctest; sourceTree = BUILT_PRODUCTS_DIR; };
		84088D9D25B9D59D00264589 /* TofyWalletTests.swift */ = {isa = PBXFileReference; lastKnownFileType = sourcecode.swift; path = TofyWalletTests.swift; sourceTree = "<group>"; };
		84088D9F25B9D59D00264589 /* Info.plist */ = {isa = PBXFileReference; lastKnownFileType = text.plist.xml; path = Info.plist; sourceTree = "<group>"; };
		84088DA425B9D59D00264589 /* TofyWalletUITests.xctest */ = {isa = PBXFileReference; explicitFileType = wrapper.cfbundle; includeInIndex = 0; path = TofyWalletUITests.xctest; sourceTree = BUILT_PRODUCTS_DIR; };
		84088DA825B9D59D00264589 /* TofyWalletUITests.swift */ = {isa = PBXFileReference; lastKnownFileType = sourcecode.swift; path = TofyWalletUITests.swift; sourceTree = "<group>"; };
		84088DAA25B9D59D00264589 /* Info.plist */ = {isa = PBXFileReference; lastKnownFileType = text.plist.xml; path = Info.plist; sourceTree = "<group>"; };
		84088DBA25B9D66B00264589 /* Colores.swift */ = {isa = PBXFileReference; lastKnownFileType = sourcecode.swift; path = Colores.swift; sourceTree = "<group>"; };
		84088DC425B9D73A00264589 /* TextView.swift */ = {isa = PBXFileReference; lastKnownFileType = sourcecode.swift; path = TextView.swift; sourceTree = "<group>"; };
		84088DCB25B9D80900264589 /* Botones.swift */ = {isa = PBXFileReference; lastKnownFileType = sourcecode.swift; path = Botones.swift; sourceTree = "<group>"; };
		84088DD225B9D85A00264589 /* BaseView.swift */ = {isa = PBXFileReference; lastKnownFileType = sourcecode.swift; path = BaseView.swift; sourceTree = "<group>"; };
		84088DD925B9D8A100264589 /* LottieView.swift */ = {isa = PBXFileReference; lastKnownFileType = sourcecode.swift; path = LottieView.swift; sourceTree = "<group>"; };
		84088DE925B9D98800264589 /* Modifiers.swift */ = {isa = PBXFileReference; lastKnownFileType = sourcecode.swift; path = Modifiers.swift; sourceTree = "<group>"; };
		84088DF025B9D9E800264589 /* Extensions.swift */ = {isa = PBXFileReference; lastKnownFileType = sourcecode.swift; path = Extensions.swift; sourceTree = "<group>"; };
		84088DF725B9DA1700264589 /* BiometriaHelper.swift */ = {isa = PBXFileReference; lastKnownFileType = sourcecode.swift; path = BiometriaHelper.swift; sourceTree = "<group>"; };
		84088DFE25B9DA5500264589 /* Localizable.strings */ = {isa = PBXFileReference; lastKnownFileType = text.plist.strings; path = Localizable.strings; sourceTree = "<group>"; };
		84088E0625B9E53D00264589 /* ApiManager.swift */ = {isa = PBXFileReference; lastKnownFileType = sourcecode.swift; path = ApiManager.swift; sourceTree = "<group>"; };
		84088E1025B9E5C800264589 /* Usuario.swift */ = {isa = PBXFileReference; lastKnownFileType = sourcecode.swift; path = Usuario.swift; sourceTree = "<group>"; };
		84232E6B25C1BBD9006E424A /* SiNoPopup.swift */ = {isa = PBXFileReference; lastKnownFileType = sourcecode.swift; path = SiNoPopup.swift; sourceTree = "<group>"; };
		84232E7025C1CF6B006E424A /* SinGrupoView.swift */ = {isa = PBXFileReference; lastKnownFileType = sourcecode.swift; path = SinGrupoView.swift; sourceTree = "<group>"; };
		84232E7525C21860006E424A /* PeriodoViewModel.swift */ = {isa = PBXFileReference; lastKnownFileType = sourcecode.swift; path = PeriodoViewModel.swift; sourceTree = "<group>"; };
		84232E7E25C21AC3006E424A /* SinPeriodoView.swift */ = {isa = PBXFileReference; lastKnownFileType = sourcecode.swift; path = SinPeriodoView.swift; sourceTree = "<group>"; };
		848DC11625BAF09200F94731 /* MainView.swift */ = {isa = PBXFileReference; lastKnownFileType = sourcecode.swift; path = MainView.swift; sourceTree = "<group>"; };
		848DC12125BAF14300F94731 /* HomeView.swift */ = {isa = PBXFileReference; lastKnownFileType = sourcecode.swift; path = HomeView.swift; sourceTree = "<group>"; };
		848DC12925BAF14F00F94731 /* PeriodoView.swift */ = {isa = PBXFileReference; lastKnownFileType = sourcecode.swift; path = PeriodoView.swift; sourceTree = "<group>"; };
		848DC13125BAF17800F94731 /* HistoricoView.swift */ = {isa = PBXFileReference; lastKnownFileType = sourcecode.swift; path = HistoricoView.swift; sourceTree = "<group>"; };
		848DC16425BC25E600F94731 /* InitialView.swift */ = {isa = PBXFileReference; lastKnownFileType = sourcecode.swift; path = InitialView.swift; sourceTree = "<group>"; };
		848DC16925BC27CE00F94731 /* InitialViewModel.swift */ = {isa = PBXFileReference; lastKnownFileType = sourcecode.swift; path = InitialViewModel.swift; sourceTree = "<group>"; };
		848DC16F25BC62ED00F94731 /* LoginView.swift */ = {isa = PBXFileReference; lastKnownFileType = sourcecode.swift; path = LoginView.swift; sourceTree = "<group>"; };
		848DC17725BC642400F94731 /* LoginViewModel.swift */ = {isa = PBXFileReference; lastKnownFileType = sourcecode.swift; path = LoginViewModel.swift; sourceTree = "<group>"; };
		848DC17D25BC685E00F94731 /* loading.json */ = {isa = PBXFileReference; fileEncoding = 4; lastKnownFileType = text.json; path = loading.json; sourceTree = "<group>"; };
		848DC18225BCDA4F00F94731 /* HomeItemView.swift */ = {isa = PBXFileReference; lastKnownFileType = sourcecode.swift; path = HomeItemView.swift; sourceTree = "<group>"; };
		848DC18825BCDBEF00F94731 /* HomeViewModel.swift */ = {isa = PBXFileReference; lastKnownFileType = sourcecode.swift; path = HomeViewModel.swift; sourceTree = "<group>"; };
		84B369D525BD810A00CCD552 /* GrupoView.swift */ = {isa = PBXFileReference; lastKnownFileType = sourcecode.swift; path = GrupoView.swift; sourceTree = "<group>"; };
		84B369DA25BD867300CCD552 /* GrupoViewModel.swift */ = {isa = PBXFileReference; lastKnownFileType = sourcecode.swift; path = GrupoViewModel.swift; sourceTree = "<group>"; };
		84B369E225BEC9D000CCD552 /* Grupo.swift */ = {isa = PBXFileReference; lastKnownFileType = sourcecode.swift; path = Grupo.swift; sourceTree = "<group>"; };
		84B369E725BED0F500CCD552 /* ConGrupoView.swift */ = {isa = PBXFileReference; lastKnownFileType = sourcecode.swift; path = ConGrupoView.swift; sourceTree = "<group>"; };
		84B369F925BEF86000CCD552 /* CategoriasImagenPopup.swift */ = {isa = PBXFileReference; lastKnownFileType = sourcecode.swift; path = CategoriasImagenPopup.swift; sourceTree = "<group>"; };
		84B36A1925BF144E00CCD552 /* CategoriasImagenesViewModel.swift */ = {isa = PBXFileReference; lastKnownFileType = sourcecode.swift; path = CategoriasImagenesViewModel.swift; sourceTree = "<group>"; };
		84B36A1F25BF239400CCD552 /* CategoriaItem.swift */ = {isa = PBXFileReference; lastKnownFileType = sourcecode.swift; path = CategoriaItem.swift; sourceTree = "<group>"; };
		84B36A2A25BF2A1F00CCD552 /* CategoriaEditandoItem.swift */ = {isa = PBXFileReference; lastKnownFileType = sourcecode.swift; path = CategoriaEditandoItem.swift; sourceTree = "<group>"; };
		84C0BF2425C40404001381F0 /* BarrasChart.swift */ = {isa = PBXFileReference; lastKnownFileType = sourcecode.swift; path = BarrasChart.swift; sourceTree = "<group>"; };
		84C0BF2C25C40C4A001381F0 /* PeriodoActivoView.swift */ = {isa = PBXFileReference; lastKnownFileType = sourcecode.swift; path = PeriodoActivoView.swift; sourceTree = "<group>"; };
		84C0BF3125C41AF9001381F0 /* PeriodoActivoViewModel.swift */ = {isa = PBXFileReference; lastKnownFileType = sourcecode.swift; path = PeriodoActivoViewModel.swift; sourceTree = "<group>"; };
		84C0BF3A25C42AEC001381F0 /* AnadirMovimientoView.swift */ = {isa = PBXFileReference; lastKnownFileType = sourcecode.swift; path = AnadirMovimientoView.swift; sourceTree = "<group>"; };
		84C0BF4025C43074001381F0 /* ElegirCategoriaView.swift */ = {isa = PBXFileReference; lastKnownFileType = sourcecode.swift; path = ElegirCategoriaView.swift; sourceTree = "<group>"; };
		84C0BF4825C4308A001381F0 /* ElegirCategoriaViewModel.swift */ = {isa = PBXFileReference; lastKnownFileType = sourcecode.swift; path = ElegirCategoriaViewModel.swift; sourceTree = "<group>"; };
		8611F0C525E254510056B738 /* TofyWallet.entitlements */ = {isa = PBXFileReference; lastKnownFileType = text.plist.entitlements; path = TofyWallet.entitlements; sourceTree = "<group>"; };
		862559BE25CF005C006323DA /* MovimientoItem.swift */ = {isa = PBXFileReference; lastKnownFileType = sourcecode.swift; path = MovimientoItem.swift; sourceTree = "<group>"; };
		862559D225CFFD4D006323DA /* CategoriaHeader.swift */ = {isa = PBXFileReference; lastKnownFileType = sourcecode.swift; path = CategoriaHeader.swift; sourceTree = "<group>"; };
		86E8C5FC25D04D10007ECE2B /* PeriodoFinalizadoPopup.swift */ = {isa = PBXFileReference; lastKnownFileType = sourcecode.swift; path = PeriodoFinalizadoPopup.swift; sourceTree = "<group>"; };
		86E8C60F25D05261007ECE2B /* congratulation.json */ = {isa = PBXFileReference; fileEncoding = 4; lastKnownFileType = text.json; path = congratulation.json; sourceTree = "<group>"; };
		9769940425D26536005E9777 /* SelectableBoxItem.swift */ = {isa = PBXFileReference; lastKnownFileType = sourcecode.swift; path = SelectableBoxItem.swift; sourceTree = "<group>"; };
		97DE496625D261E7006B6435 /* HistoricoViewModel.swift */ = {isa = PBXFileReference; lastKnownFileType = sourcecode.swift; path = HistoricoViewModel.swift; sourceTree = "<group>"; };
		97F2FCF425D70FA500E42FD4 /* BarrasHistoricoChart.swift */ = {isa = PBXFileReference; lastKnownFileType = sourcecode.swift; path = BarrasHistoricoChart.swift; sourceTree = "<group>"; };
/* End PBXFileReference section */

/* Begin PBXFrameworksBuildPhase section */
		84088D8525B9D59A00264589 /* Frameworks */ = {
			isa = PBXFrameworksBuildPhase;
			buildActionMask = 2147483647;
			files = (
				84088DE225B9D93200264589 /* Lottie in Frameworks */,
			);
			runOnlyForDeploymentPostprocessing = 0;
		};
		84088D9625B9D59D00264589 /* Frameworks */ = {
			isa = PBXFrameworksBuildPhase;
			buildActionMask = 2147483647;
			files = (
			);
			runOnlyForDeploymentPostprocessing = 0;
		};
		84088DA125B9D59D00264589 /* Frameworks */ = {
			isa = PBXFrameworksBuildPhase;
			buildActionMask = 2147483647;
			files = (
			);
			runOnlyForDeploymentPostprocessing = 0;
		};
/* End PBXFrameworksBuildPhase section */

/* Begin PBXGroup section */
		84088D7F25B9D59A00264589 = {
			isa = PBXGroup;
			children = (
				84088D8A25B9D59A00264589 /* TofyWallet */,
				84088D9C25B9D59D00264589 /* TofyWalletTests */,
				84088DA725B9D59D00264589 /* TofyWalletUITests */,
				84088D8925B9D59A00264589 /* Products */,
			);
			sourceTree = "<group>";
		};
		84088D8925B9D59A00264589 /* Products */ = {
			isa = PBXGroup;
			children = (
				84088D8825B9D59A00264589 /* TofyWallet.app */,
				84088D9925B9D59D00264589 /* TofyWalletTests.xctest */,
				84088DA425B9D59D00264589 /* TofyWalletUITests.xctest */,
			);
			name = Products;
			sourceTree = "<group>";
		};
		84088D8A25B9D59A00264589 /* TofyWallet */ = {
			isa = PBXGroup;
			children = (
				8611F0C525E254510056B738 /* TofyWallet.entitlements */,
				84C0BF2325C403DC001381F0 /* Graficos */,
				848DC16E25BC62DF00F94731 /* Login */,
				848DC12025BAF13200F94731 /* Historico */,
				848DC11F25BAF12100F94731 /* Periodo */,
				848DC11E25BAF11B00F94731 /* Home */,
				848DC11525BAF08000F94731 /* Main */,
				84088E0525B9E50700264589 /* Api */,
				84088DB925B9D65900264589 /* Helpers */,
				84088D8B25B9D59A00264589 /* TofyWalletApp.swift */,
				84088D8D25B9D59A00264589 /* ContentView.swift */,
				84088D8F25B9D59D00264589 /* Assets.xcassets */,
				84088D9425B9D59D00264589 /* Info.plist */,
				84088D9125B9D59D00264589 /* Preview Content */,
			);
			path = TofyWallet;
			sourceTree = "<group>";
		};
		84088D9125B9D59D00264589 /* Preview Content */ = {
			isa = PBXGroup;
			children = (
				84088D9225B9D59D00264589 /* Preview Assets.xcassets */,
			);
			path = "Preview Content";
			sourceTree = "<group>";
		};
		84088D9C25B9D59D00264589 /* TofyWalletTests */ = {
			isa = PBXGroup;
			children = (
				84088D9D25B9D59D00264589 /* TofyWalletTests.swift */,
				84088D9F25B9D59D00264589 /* Info.plist */,
			);
			path = TofyWalletTests;
			sourceTree = "<group>";
		};
		84088DA725B9D59D00264589 /* TofyWalletUITests */ = {
			isa = PBXGroup;
			children = (
				84088DA825B9D59D00264589 /* TofyWalletUITests.swift */,
				84088DAA25B9D59D00264589 /* Info.plist */,
			);
			path = TofyWalletUITests;
			sourceTree = "<group>";
		};
		84088DB925B9D65900264589 /* Helpers */ = {
			isa = PBXGroup;
			children = (
				84B369F825BEF84B00CCD552 /* Popup */,
				848DC17C25BC683B00F94731 /* LottieFiles */,
				84088DBA25B9D66B00264589 /* Colores.swift */,
				84088DC425B9D73A00264589 /* TextView.swift */,
				84088DCB25B9D80900264589 /* Botones.swift */,
				84088DD225B9D85A00264589 /* BaseView.swift */,
				84088DD925B9D8A100264589 /* LottieView.swift */,
				84088DE925B9D98800264589 /* Modifiers.swift */,
				84088DF025B9D9E800264589 /* Extensions.swift */,
				84088DF725B9DA1700264589 /* BiometriaHelper.swift */,
				84088DFE25B9DA5500264589 /* Localizable.strings */,
			);
			path = Helpers;
			sourceTree = "<group>";
		};
		84088E0525B9E50700264589 /* Api */ = {
			isa = PBXGroup;
			children = (
				84088E0625B9E53D00264589 /* ApiManager.swift */,
				84088E1025B9E5C800264589 /* Usuario.swift */,
				84B369E225BEC9D000CCD552 /* Grupo.swift */,
			);
			path = Api;
			sourceTree = "<group>";
		};
		84232E7D25C21AB3006E424A /* Componentes */ = {
			isa = PBXGroup;
			children = (
				84C0BF3F25C43065001381F0 /* ElegirCategoria */,
				84232E7E25C21AC3006E424A /* SinPeriodoView.swift */,
				84C0BF2C25C40C4A001381F0 /* PeriodoActivoView.swift */,
				84C0BF3A25C42AEC001381F0 /* AnadirMovimientoView.swift */,
				862559BE25CF005C006323DA /* MovimientoItem.swift */,
				862559D225CFFD4D006323DA /* CategoriaHeader.swift */,
			);
			path = Componentes;
			sourceTree = "<group>";
		};
		848DC11525BAF08000F94731 /* Main */ = {
			isa = PBXGroup;
			children = (
				848DC11625BAF09200F94731 /* MainView.swift */,
				848DC16425BC25E600F94731 /* InitialView.swift */,
				848DC16925BC27CE00F94731 /* InitialViewModel.swift */,
			);
			path = Main;
			sourceTree = "<group>";
		};
		848DC11E25BAF11B00F94731 /* Home */ = {
			isa = PBXGroup;
			children = (
				84B369D425BD80F900CCD552 /* Grupo */,
				848DC18725BCDBC900F94731 /* Componentes */,
				848DC12125BAF14300F94731 /* HomeView.swift */,
				848DC18825BCDBEF00F94731 /* HomeViewModel.swift */,
			);
			path = Home;
			sourceTree = "<group>";
		};
		848DC11F25BAF12100F94731 /* Periodo */ = {
			isa = PBXGroup;
			children = (
				84232E7D25C21AB3006E424A /* Componentes */,
				848DC12925BAF14F00F94731 /* PeriodoView.swift */,
				84232E7525C21860006E424A /* PeriodoViewModel.swift */,
				84C0BF3125C41AF9001381F0 /* PeriodoActivoViewModel.swift */,
			);
			path = Periodo;
			sourceTree = "<group>";
		};
		848DC12025BAF13200F94731 /* Historico */ = {
			isa = PBXGroup;
			children = (
				9769940325D26505005E9777 /* Components */,
				848DC13125BAF17800F94731 /* HistoricoView.swift */,
				97DE496625D261E7006B6435 /* HistoricoViewModel.swift */,
			);
			path = Historico;
			sourceTree = "<group>";
		};
		848DC16E25BC62DF00F94731 /* Login */ = {
			isa = PBXGroup;
			children = (
				848DC16F25BC62ED00F94731 /* LoginView.swift */,
				848DC17725BC642400F94731 /* LoginViewModel.swift */,
			);
			path = Login;
			sourceTree = "<group>";
		};
		848DC17C25BC683B00F94731 /* LottieFiles */ = {
			isa = PBXGroup;
			children = (
				848DC17D25BC685E00F94731 /* loading.json */,
				86E8C60F25D05261007ECE2B /* congratulation.json */,
			);
			path = LottieFiles;
			sourceTree = "<group>";
		};
		848DC18725BCDBC900F94731 /* Componentes */ = {
			isa = PBXGroup;
			children = (
				848DC18225BCDA4F00F94731 /* HomeItemView.swift */,
				84232E7025C1CF6B006E424A /* SinGrupoView.swift */,
			);
			path = Componentes;
			sourceTree = "<group>";
		};
		84B369D425BD80F900CCD552 /* Grupo */ = {
			isa = PBXGroup;
			children = (
				84B36A1E25BF236F00CCD552 /* Componentes */,
				84B369D525BD810A00CCD552 /* GrupoView.swift */,
				84B369DA25BD867300CCD552 /* GrupoViewModel.swift */,
			);
			path = Grupo;
			sourceTree = "<group>";
		};
		84B369F825BEF84B00CCD552 /* Popup */ = {
			isa = PBXGroup;
			children = (
				84B369F925BEF86000CCD552 /* CategoriasImagenPopup.swift */,
				84232E6B25C1BBD9006E424A /* SiNoPopup.swift */,
				86E8C5FC25D04D10007ECE2B /* PeriodoFinalizadoPopup.swift */,
			);
			path = Popup;
			sourceTree = "<group>";
		};
		84B36A1E25BF236F00CCD552 /* Componentes */ = {
			isa = PBXGroup;
			children = (
				84B369E725BED0F500CCD552 /* ConGrupoView.swift */,
				84B36A1925BF144E00CCD552 /* CategoriasImagenesViewModel.swift */,
				84B36A1F25BF239400CCD552 /* CategoriaItem.swift */,
				84B36A2A25BF2A1F00CCD552 /* CategoriaEditandoItem.swift */,
			);
			path = Componentes;
			sourceTree = "<group>";
		};
		84C0BF2325C403DC001381F0 /* Graficos */ = {
			isa = PBXGroup;
			children = (
				84C0BF2425C40404001381F0 /* BarrasChart.swift */,
				97F2FCF425D70FA500E42FD4 /* BarrasHistoricoChart.swift */,
			);
			path = Graficos;
			sourceTree = "<group>";
		};
		84C0BF3F25C43065001381F0 /* ElegirCategoria */ = {
			isa = PBXGroup;
			children = (
				84C0BF4025C43074001381F0 /* ElegirCategoriaView.swift */,
				84C0BF4825C4308A001381F0 /* ElegirCategoriaViewModel.swift */,
			);
			path = ElegirCategoria;
			sourceTree = "<group>";
		};
		9769940325D26505005E9777 /* Components */ = {
			isa = PBXGroup;
			children = (
				9769940425D26536005E9777 /* SelectableBoxItem.swift */,
			);
			path = Components;
			sourceTree = "<group>";
		};
/* End PBXGroup section */

/* Begin PBXNativeTarget section */
		84088D8725B9D59A00264589 /* TofyWallet */ = {
			isa = PBXNativeTarget;
			buildConfigurationList = 84088DAD25B9D59D00264589 /* Build configuration list for PBXNativeTarget "TofyWallet" */;
			buildPhases = (
				84088D8425B9D59A00264589 /* Sources */,
				84088D8525B9D59A00264589 /* Frameworks */,
				84088D8625B9D59A00264589 /* Resources */,
			);
			buildRules = (
			);
			dependencies = (
			);
			name = TofyWallet;
			packageProductDependencies = (
				84088DE125B9D93200264589 /* Lottie */,
			);
			productName = TofyWallet;
			productReference = 84088D8825B9D59A00264589 /* TofyWallet.app */;
			productType = "com.apple.product-type.application";
		};
		84088D9825B9D59D00264589 /* TofyWalletTests */ = {
			isa = PBXNativeTarget;
			buildConfigurationList = 84088DB025B9D59D00264589 /* Build configuration list for PBXNativeTarget "TofyWalletTests" */;
			buildPhases = (
				84088D9525B9D59D00264589 /* Sources */,
				84088D9625B9D59D00264589 /* Frameworks */,
				84088D9725B9D59D00264589 /* Resources */,
			);
			buildRules = (
			);
			dependencies = (
				84088D9B25B9D59D00264589 /* PBXTargetDependency */,
			);
			name = TofyWalletTests;
			productName = TofyWalletTests;
			productReference = 84088D9925B9D59D00264589 /* TofyWalletTests.xctest */;
			productType = "com.apple.product-type.bundle.unit-test";
		};
		84088DA325B9D59D00264589 /* TofyWalletUITests */ = {
			isa = PBXNativeTarget;
			buildConfigurationList = 84088DB325B9D59D00264589 /* Build configuration list for PBXNativeTarget "TofyWalletUITests" */;
			buildPhases = (
				84088DA025B9D59D00264589 /* Sources */,
				84088DA125B9D59D00264589 /* Frameworks */,
				84088DA225B9D59D00264589 /* Resources */,
			);
			buildRules = (
			);
			dependencies = (
				84088DA625B9D59D00264589 /* PBXTargetDependency */,
			);
			name = TofyWalletUITests;
			productName = TofyWalletUITests;
			productReference = 84088DA425B9D59D00264589 /* TofyWalletUITests.xctest */;
			productType = "com.apple.product-type.bundle.ui-testing";
		};
/* End PBXNativeTarget section */

/* Begin PBXProject section */
		84088D8025B9D59A00264589 /* Project object */ = {
			isa = PBXProject;
			attributes = {
				LastSwiftUpdateCheck = 1230;
				LastUpgradeCheck = 1230;
				TargetAttributes = {
					84088D8725B9D59A00264589 = {
						CreatedOnToolsVersion = 12.3;
					};
					84088D9825B9D59D00264589 = {
						CreatedOnToolsVersion = 12.3;
						TestTargetID = 84088D8725B9D59A00264589;
					};
					84088DA325B9D59D00264589 = {
						CreatedOnToolsVersion = 12.3;
						TestTargetID = 84088D8725B9D59A00264589;
					};
				};
			};
			buildConfigurationList = 84088D8325B9D59A00264589 /* Build configuration list for PBXProject "TofyWallet" */;
			compatibilityVersion = "Xcode 9.3";
			developmentRegion = en;
			hasScannedForEncodings = 0;
			knownRegions = (
				en,
				Base,
			);
			mainGroup = 84088D7F25B9D59A00264589;
			packageReferences = (
				84088DE025B9D93200264589 /* XCRemoteSwiftPackageReference "lottie-ios" */,
			);
			productRefGroup = 84088D8925B9D59A00264589 /* Products */;
			projectDirPath = "";
			projectRoot = "";
			targets = (
				84088D8725B9D59A00264589 /* TofyWallet */,
				84088D9825B9D59D00264589 /* TofyWalletTests */,
				84088DA325B9D59D00264589 /* TofyWalletUITests */,
			);
		};
/* End PBXProject section */

/* Begin PBXResourcesBuildPhase section */
		84088D8625B9D59A00264589 /* Resources */ = {
			isa = PBXResourcesBuildPhase;
			buildActionMask = 2147483647;
			files = (
				84088D9325B9D59D00264589 /* Preview Assets.xcassets in Resources */,
				84088DFF25B9DA5500264589 /* Localizable.strings in Resources */,
				848DC17E25BC685E00F94731 /* loading.json in Resources */,
				84088D9025B9D59D00264589 /* Assets.xcassets in Resources */,
				86E8C61025D05261007ECE2B /* congratulation.json in Resources */,
			);
			runOnlyForDeploymentPostprocessing = 0;
		};
		84088D9725B9D59D00264589 /* Resources */ = {
			isa = PBXResourcesBuildPhase;
			buildActionMask = 2147483647;
			files = (
				84088E0025B9DA5500264589 /* Localizable.strings in Resources */,
			);
			runOnlyForDeploymentPostprocessing = 0;
		};
		84088DA225B9D59D00264589 /* Resources */ = {
			isa = PBXResourcesBuildPhase;
			buildActionMask = 2147483647;
			files = (
				84088E0125B9DA5500264589 /* Localizable.strings in Resources */,
			);
			runOnlyForDeploymentPostprocessing = 0;
		};
/* End PBXResourcesBuildPhase section */

/* Begin PBXSourcesBuildPhase section */
		84088D8425B9D59A00264589 /* Sources */ = {
			isa = PBXSourcesBuildPhase;
			buildActionMask = 2147483647;
			files = (
				84B369DB25BD867300CCD552 /* GrupoViewModel.swift in Sources */,
				84B369D625BD810A00CCD552 /* GrupoView.swift in Sources */,
				97F2FCF525D70FA500E42FD4 /* BarrasHistoricoChart.swift in Sources */,
				84B369E325BEC9D000CCD552 /* Grupo.swift in Sources */,
				84088DF825B9DA1700264589 /* BiometriaHelper.swift in Sources */,
				848DC18925BCDBEF00F94731 /* HomeViewModel.swift in Sources */,
				848DC12225BAF14300F94731 /* HomeView.swift in Sources */,
				848DC11725BAF09200F94731 /* MainView.swift in Sources */,
				84088D8E25B9D59A00264589 /* ContentView.swift in Sources */,
				848DC18325BCDA4F00F94731 /* HomeItemView.swift in Sources */,
				848DC12A25BAF14F00F94731 /* PeriodoView.swift in Sources */,
				848DC16A25BC27CE00F94731 /* InitialViewModel.swift in Sources */,
				84B36A2025BF239400CCD552 /* CategoriaItem.swift in Sources */,
				84232E7125C1CF6B006E424A /* SinGrupoView.swift in Sources */,
				84088DF125B9D9E800264589 /* Extensions.swift in Sources */,
				848DC16525BC25E600F94731 /* InitialView.swift in Sources */,
				848DC17825BC642400F94731 /* LoginViewModel.swift in Sources */,
				84232E7F25C21AC3006E424A /* SinPeriodoView.swift in Sources */,
				84B369FA25BEF86000CCD552 /* CategoriasImagenPopup.swift in Sources */,
				84C0BF3B25C42AEC001381F0 /* AnadirMovimientoView.swift in Sources */,
				84088DC525B9D73A00264589 /* TextView.swift in Sources */,
				84C0BF4925C4308A001381F0 /* ElegirCategoriaViewModel.swift in Sources */,
				84232E7625C21860006E424A /* PeriodoViewModel.swift in Sources */,
				84B369E825BED0F500CCD552 /* ConGrupoView.swift in Sources */,
				97DE496725D261E7006B6435 /* HistoricoViewModel.swift in Sources */,
				84C0BF2D25C40C4A001381F0 /* PeriodoActivoView.swift in Sources */,
				84C0BF3225C41AF9001381F0 /* PeriodoActivoViewModel.swift in Sources */,
				84C0BF4125C43074001381F0 /* ElegirCategoriaView.swift in Sources */,
				862559D325CFFD4D006323DA /* CategoriaHeader.swift in Sources */,
				84C0BF2525C40404001381F0 /* BarrasChart.swift in Sources */,
				84B36A1A25BF144E00CCD552 /* CategoriasImagenesViewModel.swift in Sources */,
				84088DBB25B9D66B00264589 /* Colores.swift in Sources */,
				84088DD325B9D85A00264589 /* BaseView.swift in Sources */,
				84088E0725B9E53D00264589 /* ApiManager.swift in Sources */,
				86E8C5FD25D04D10007ECE2B /* PeriodoFinalizadoPopup.swift in Sources */,
				9769940525D26536005E9777 /* SelectableBoxItem.swift in Sources */,
				84088DEA25B9D98800264589 /* Modifiers.swift in Sources */,
				84088E1125B9E5C800264589 /* Usuario.swift in Sources */,
				84B36A2B25BF2A1F00CCD552 /* CategoriaEditandoItem.swift in Sources */,
				84088DDA25B9D8A100264589 /* LottieView.swift in Sources */,
				848DC13225BAF17800F94731 /* HistoricoView.swift in Sources */,
				84232E6C25C1BBD9006E424A /* SiNoPopup.swift in Sources */,
				862559BF25CF005C006323DA /* MovimientoItem.swift in Sources */,
				848DC17025BC62ED00F94731 /* LoginView.swift in Sources */,
				84088D8C25B9D59A00264589 /* TofyWalletApp.swift in Sources */,
				84088DCC25B9D80900264589 /* Botones.swift in Sources */,
			);
			runOnlyForDeploymentPostprocessing = 0;
		};
		84088D9525B9D59D00264589 /* Sources */ = {
			isa = PBXSourcesBuildPhase;
			buildActionMask = 2147483647;
			files = (
				84088DC625B9D73A00264589 /* TextView.swift in Sources */,
				84088D9E25B9D59D00264589 /* TofyWalletTests.swift in Sources */,
				84088E0825B9E53D00264589 /* ApiManager.swift in Sources */,
				84088DEB25B9D98800264589 /* Modifiers.swift in Sources */,
				84088DF225B9D9E800264589 /* Extensions.swift in Sources */,
				84088DF925B9DA1700264589 /* BiometriaHelper.swift in Sources */,
				84088DD425B9D85A00264589 /* BaseView.swift in Sources */,
				84088DCD25B9D80900264589 /* Botones.swift in Sources */,
				84088DBC25B9D66B00264589 /* Colores.swift in Sources */,
				84088DDB25B9D8A100264589 /* LottieView.swift in Sources */,
				84088E1225B9E5C800264589 /* Usuario.swift in Sources */,
			);
			runOnlyForDeploymentPostprocessing = 0;
		};
		84088DA025B9D59D00264589 /* Sources */ = {
			isa = PBXSourcesBuildPhase;
			buildActionMask = 2147483647;
			files = (
				84088DC725B9D73A00264589 /* TextView.swift in Sources */,
				84088DA925B9D59D00264589 /* TofyWalletUITests.swift in Sources */,
				84088E0925B9E53D00264589 /* ApiManager.swift in Sources */,
				84088DEC25B9D98800264589 /* Modifiers.swift in Sources */,
				84088DF325B9D9E800264589 /* Extensions.swift in Sources */,
				84088DFA25B9DA1700264589 /* BiometriaHelper.swift in Sources */,
				84088DD525B9D85A00264589 /* BaseView.swift in Sources */,
				84088DCE25B9D80900264589 /* Botones.swift in Sources */,
				84088DBD25B9D66B00264589 /* Colores.swift in Sources */,
				84088DDC25B9D8A100264589 /* LottieView.swift in Sources */,
				84088E1325B9E5C800264589 /* Usuario.swift in Sources */,
			);
			runOnlyForDeploymentPostprocessing = 0;
		};
/* End PBXSourcesBuildPhase section */

/* Begin PBXTargetDependency section */
		84088D9B25B9D59D00264589 /* PBXTargetDependency */ = {
			isa = PBXTargetDependency;
			target = 84088D8725B9D59A00264589 /* TofyWallet */;
			targetProxy = 84088D9A25B9D59D00264589 /* PBXContainerItemProxy */;
		};
		84088DA625B9D59D00264589 /* PBXTargetDependency */ = {
			isa = PBXTargetDependency;
			target = 84088D8725B9D59A00264589 /* TofyWallet */;
			targetProxy = 84088DA525B9D59D00264589 /* PBXContainerItemProxy */;
		};
/* End PBXTargetDependency section */

/* Begin XCBuildConfiguration section */
		84088DAB25B9D59D00264589 /* Debug */ = {
			isa = XCBuildConfiguration;
			buildSettings = {
				ALWAYS_SEARCH_USER_PATHS = NO;
				CLANG_ANALYZER_NONNULL = YES;
				CLANG_ANALYZER_NUMBER_OBJECT_CONVERSION = YES_AGGRESSIVE;
				CLANG_CXX_LANGUAGE_STANDARD = "gnu++14";
				CLANG_CXX_LIBRARY = "libc++";
				CLANG_ENABLE_MODULES = YES;
				CLANG_ENABLE_OBJC_ARC = YES;
				CLANG_ENABLE_OBJC_WEAK = YES;
				CLANG_WARN_BLOCK_CAPTURE_AUTORELEASING = YES;
				CLANG_WARN_BOOL_CONVERSION = YES;
				CLANG_WARN_COMMA = YES;
				CLANG_WARN_CONSTANT_CONVERSION = YES;
				CLANG_WARN_DEPRECATED_OBJC_IMPLEMENTATIONS = YES;
				CLANG_WARN_DIRECT_OBJC_ISA_USAGE = YES_ERROR;
				CLANG_WARN_DOCUMENTATION_COMMENTS = YES;
				CLANG_WARN_EMPTY_BODY = YES;
				CLANG_WARN_ENUM_CONVERSION = YES;
				CLANG_WARN_INFINITE_RECURSION = YES;
				CLANG_WARN_INT_CONVERSION = YES;
				CLANG_WARN_NON_LITERAL_NULL_CONVERSION = YES;
				CLANG_WARN_OBJC_IMPLICIT_RETAIN_SELF = YES;
				CLANG_WARN_OBJC_LITERAL_CONVERSION = YES;
				CLANG_WARN_OBJC_ROOT_CLASS = YES_ERROR;
				CLANG_WARN_QUOTED_INCLUDE_IN_FRAMEWORK_HEADER = YES;
				CLANG_WARN_RANGE_LOOP_ANALYSIS = YES;
				CLANG_WARN_STRICT_PROTOTYPES = YES;
				CLANG_WARN_SUSPICIOUS_MOVE = YES;
				CLANG_WARN_UNGUARDED_AVAILABILITY = YES_AGGRESSIVE;
				CLANG_WARN_UNREACHABLE_CODE = YES;
				CLANG_WARN__DUPLICATE_METHOD_MATCH = YES;
				COPY_PHASE_STRIP = NO;
				DEBUG_INFORMATION_FORMAT = dwarf;
				ENABLE_STRICT_OBJC_MSGSEND = YES;
				ENABLE_TESTABILITY = YES;
				GCC_C_LANGUAGE_STANDARD = gnu11;
				GCC_DYNAMIC_NO_PIC = NO;
				GCC_NO_COMMON_BLOCKS = YES;
				GCC_OPTIMIZATION_LEVEL = 0;
				GCC_PREPROCESSOR_DEFINITIONS = (
					"DEBUG=1",
					"$(inherited)",
				);
				GCC_WARN_64_TO_32_BIT_CONVERSION = YES;
				GCC_WARN_ABOUT_RETURN_TYPE = YES_ERROR;
				GCC_WARN_UNDECLARED_SELECTOR = YES;
				GCC_WARN_UNINITIALIZED_AUTOS = YES_AGGRESSIVE;
				GCC_WARN_UNUSED_FUNCTION = YES;
				GCC_WARN_UNUSED_VARIABLE = YES;
				IPHONEOS_DEPLOYMENT_TARGET = 14.3;
				MTL_ENABLE_DEBUG_INFO = INCLUDE_SOURCE;
				MTL_FAST_MATH = YES;
				ONLY_ACTIVE_ARCH = YES;
				SDKROOT = iphoneos;
				SWIFT_ACTIVE_COMPILATION_CONDITIONS = DEBUG;
				SWIFT_OPTIMIZATION_LEVEL = "-Onone";
			};
			name = Debug;
		};
		84088DAC25B9D59D00264589 /* Release */ = {
			isa = XCBuildConfiguration;
			buildSettings = {
				ALWAYS_SEARCH_USER_PATHS = NO;
				CLANG_ANALYZER_NONNULL = YES;
				CLANG_ANALYZER_NUMBER_OBJECT_CONVERSION = YES_AGGRESSIVE;
				CLANG_CXX_LANGUAGE_STANDARD = "gnu++14";
				CLANG_CXX_LIBRARY = "libc++";
				CLANG_ENABLE_MODULES = YES;
				CLANG_ENABLE_OBJC_ARC = YES;
				CLANG_ENABLE_OBJC_WEAK = YES;
				CLANG_WARN_BLOCK_CAPTURE_AUTORELEASING = YES;
				CLANG_WARN_BOOL_CONVERSION = YES;
				CLANG_WARN_COMMA = YES;
				CLANG_WARN_CONSTANT_CONVERSION = YES;
				CLANG_WARN_DEPRECATED_OBJC_IMPLEMENTATIONS = YES;
				CLANG_WARN_DIRECT_OBJC_ISA_USAGE = YES_ERROR;
				CLANG_WARN_DOCUMENTATION_COMMENTS = YES;
				CLANG_WARN_EMPTY_BODY = YES;
				CLANG_WARN_ENUM_CONVERSION = YES;
				CLANG_WARN_INFINITE_RECURSION = YES;
				CLANG_WARN_INT_CONVERSION = YES;
				CLANG_WARN_NON_LITERAL_NULL_CONVERSION = YES;
				CLANG_WARN_OBJC_IMPLICIT_RETAIN_SELF = YES;
				CLANG_WARN_OBJC_LITERAL_CONVERSION = YES;
				CLANG_WARN_OBJC_ROOT_CLASS = YES_ERROR;
				CLANG_WARN_QUOTED_INCLUDE_IN_FRAMEWORK_HEADER = YES;
				CLANG_WARN_RANGE_LOOP_ANALYSIS = YES;
				CLANG_WARN_STRICT_PROTOTYPES = YES;
				CLANG_WARN_SUSPICIOUS_MOVE = YES;
				CLANG_WARN_UNGUARDED_AVAILABILITY = YES_AGGRESSIVE;
				CLANG_WARN_UNREACHABLE_CODE = YES;
				CLANG_WARN__DUPLICATE_METHOD_MATCH = YES;
				COPY_PHASE_STRIP = NO;
				DEBUG_INFORMATION_FORMAT = "dwarf-with-dsym";
				ENABLE_NS_ASSERTIONS = NO;
				ENABLE_STRICT_OBJC_MSGSEND = YES;
				GCC_C_LANGUAGE_STANDARD = gnu11;
				GCC_NO_COMMON_BLOCKS = YES;
				GCC_WARN_64_TO_32_BIT_CONVERSION = YES;
				GCC_WARN_ABOUT_RETURN_TYPE = YES_ERROR;
				GCC_WARN_UNDECLARED_SELECTOR = YES;
				GCC_WARN_UNINITIALIZED_AUTOS = YES_AGGRESSIVE;
				GCC_WARN_UNUSED_FUNCTION = YES;
				GCC_WARN_UNUSED_VARIABLE = YES;
				IPHONEOS_DEPLOYMENT_TARGET = 14.3;
				MTL_ENABLE_DEBUG_INFO = NO;
				MTL_FAST_MATH = YES;
				SDKROOT = iphoneos;
				SWIFT_COMPILATION_MODE = wholemodule;
				SWIFT_OPTIMIZATION_LEVEL = "-O";
				VALIDATE_PRODUCT = YES;
			};
			name = Release;
		};
		84088DAE25B9D59D00264589 /* Debug */ = {
			isa = XCBuildConfiguration;
			buildSettings = {
				ASSETCATALOG_COMPILER_APPICON_NAME = AppIcon;
				ASSETCATALOG_COMPILER_GLOBAL_ACCENT_COLOR_NAME = AccentColor;
				CODE_SIGN_ENTITLEMENTS = TofyWallet/TofyWallet.entitlements;
				CODE_SIGN_STYLE = Automatic;
				DEVELOPMENT_ASSET_PATHS = "\"TofyWallet/Preview Content\"";
				DEVELOPMENT_TEAM = D5PK29TDFS;
				ENABLE_PREVIEWS = YES;
				INFOPLIST_FILE = TofyWallet/Info.plist;
				IPHONEOS_DEPLOYMENT_TARGET = 14.0;
				LD_RUNPATH_SEARCH_PATHS = (
					"$(inherited)",
					"@executable_path/Frameworks",
				);
				PRODUCT_BUNDLE_IDENTIFIER = codebounds.com.TofyWallet;
				PRODUCT_NAME = "$(TARGET_NAME)";
				SUPPORTS_MACCATALYST = NO;
				SWIFT_VERSION = 5.0;
				TARGETED_DEVICE_FAMILY = "1,2";
			};
			name = Debug;
		};
		84088DAF25B9D59D00264589 /* Release */ = {
			isa = XCBuildConfiguration;
			buildSettings = {
				ASSETCATALOG_COMPILER_APPICON_NAME = AppIcon;
				ASSETCATALOG_COMPILER_GLOBAL_ACCENT_COLOR_NAME = AccentColor;
				CODE_SIGN_ENTITLEMENTS = TofyWallet/TofyWallet.entitlements;
				CODE_SIGN_STYLE = Automatic;
				DEVELOPMENT_ASSET_PATHS = "\"TofyWallet/Preview Content\"";
				DEVELOPMENT_TEAM = D5PK29TDFS;
				ENABLE_PREVIEWS = YES;
				INFOPLIST_FILE = TofyWallet/Info.plist;
				IPHONEOS_DEPLOYMENT_TARGET = 14.0;
				LD_RUNPATH_SEARCH_PATHS = (
					"$(inherited)",
					"@executable_path/Frameworks",
				);
				PRODUCT_BUNDLE_IDENTIFIER = codebounds.com.TofyWallet;
				PRODUCT_NAME = "$(TARGET_NAME)";
				SUPPORTS_MACCATALYST = NO;
				SWIFT_VERSION = 5.0;
				TARGETED_DEVICE_FAMILY = "1,2";
			};
			name = Release;
		};
		84088DB125B9D59D00264589 /* Debug */ = {
			isa = XCBuildConfiguration;
			buildSettings = {
				ALWAYS_EMBED_SWIFT_STANDARD_LIBRARIES = YES;
				BUNDLE_LOADER = "$(TEST_HOST)";
				CODE_SIGN_STYLE = Automatic;
				INFOPLIST_FILE = TofyWalletTests/Info.plist;
				IPHONEOS_DEPLOYMENT_TARGET = 14.0;
				LD_RUNPATH_SEARCH_PATHS = (
					"$(inherited)",
					"@executable_path/Frameworks",
					"@loader_path/Frameworks",
				);
				PRODUCT_BUNDLE_IDENTIFIER = com.codebounds.TofyWalletTests;
				PRODUCT_NAME = "$(TARGET_NAME)";
				SWIFT_VERSION = 5.0;
				TARGETED_DEVICE_FAMILY = "1,2";
				TEST_HOST = "$(BUILT_PRODUCTS_DIR)/TofyWallet.app/TofyWallet";
			};
			name = Debug;
		};
		84088DB225B9D59D00264589 /* Release */ = {
			isa = XCBuildConfiguration;
			buildSettings = {
				ALWAYS_EMBED_SWIFT_STANDARD_LIBRARIES = YES;
				BUNDLE_LOADER = "$(TEST_HOST)";
				CODE_SIGN_STYLE = Automatic;
				INFOPLIST_FILE = TofyWalletTests/Info.plist;
				IPHONEOS_DEPLOYMENT_TARGET = 14.0;
				LD_RUNPATH_SEARCH_PATHS = (
					"$(inherited)",
					"@executable_path/Frameworks",
					"@loader_path/Frameworks",
				);
				PRODUCT_BUNDLE_IDENTIFIER = com.codebounds.TofyWalletTests;
				PRODUCT_NAME = "$(TARGET_NAME)";
				SWIFT_VERSION = 5.0;
				TARGETED_DEVICE_FAMILY = "1,2";
				TEST_HOST = "$(BUILT_PRODUCTS_DIR)/TofyWallet.app/TofyWallet";
			};
			name = Release;
		};
		84088DB425B9D59D00264589 /* Debug */ = {
			isa = XCBuildConfiguration;
			buildSettings = {
				ALWAYS_EMBED_SWIFT_STANDARD_LIBRARIES = YES;
				CODE_SIGN_STYLE = Automatic;
				INFOPLIST_FILE = TofyWalletUITests/Info.plist;
				LD_RUNPATH_SEARCH_PATHS = (
					"$(inherited)",
					"@executable_path/Frameworks",
					"@loader_path/Frameworks",
				);
				PRODUCT_BUNDLE_IDENTIFIER = com.codebounds.TofyWalletUITests;
				PRODUCT_NAME = "$(TARGET_NAME)";
				SWIFT_VERSION = 5.0;
				TARGETED_DEVICE_FAMILY = "1,2";
				TEST_TARGET_NAME = TofyWallet;
			};
			name = Debug;
		};
		84088DB525B9D59D00264589 /* Release */ = {
			isa = XCBuildConfiguration;
			buildSettings = {
				ALWAYS_EMBED_SWIFT_STANDARD_LIBRARIES = YES;
				CODE_SIGN_STYLE = Automatic;
				INFOPLIST_FILE = TofyWalletUITests/Info.plist;
				LD_RUNPATH_SEARCH_PATHS = (
					"$(inherited)",
					"@executable_path/Frameworks",
					"@loader_path/Frameworks",
				);
				PRODUCT_BUNDLE_IDENTIFIER = com.codebounds.TofyWalletUITests;
				PRODUCT_NAME = "$(TARGET_NAME)";
				SWIFT_VERSION = 5.0;
				TARGETED_DEVICE_FAMILY = "1,2";
				TEST_TARGET_NAME = TofyWallet;
			};
			name = Release;
		};
/* End XCBuildConfiguration section */

/* Begin XCConfigurationList section */
		84088D8325B9D59A00264589 /* Build configuration list for PBXProject "TofyWallet" */ = {
			isa = XCConfigurationList;
			buildConfigurations = (
				84088DAB25B9D59D00264589 /* Debug */,
				84088DAC25B9D59D00264589 /* Release */,
			);
			defaultConfigurationIsVisible = 0;
			defaultConfigurationName = Release;
		};
		84088DAD25B9D59D00264589 /* Build configuration list for PBXNativeTarget "TofyWallet" */ = {
			isa = XCConfigurationList;
			buildConfigurations = (
				84088DAE25B9D59D00264589 /* Debug */,
				84088DAF25B9D59D00264589 /* Release */,
			);
			defaultConfigurationIsVisible = 0;
			defaultConfigurationName = Release;
		};
		84088DB025B9D59D00264589 /* Build configuration list for PBXNativeTarget "TofyWalletTests" */ = {
			isa = XCConfigurationList;
			buildConfigurations = (
				84088DB125B9D59D00264589 /* Debug */,
				84088DB225B9D59D00264589 /* Release */,
			);
			defaultConfigurationIsVisible = 0;
			defaultConfigurationName = Release;
		};
		84088DB325B9D59D00264589 /* Build configuration list for PBXNativeTarget "TofyWalletUITests" */ = {
			isa = XCConfigurationList;
			buildConfigurations = (
				84088DB425B9D59D00264589 /* Debug */,
				84088DB525B9D59D00264589 /* Release */,
			);
			defaultConfigurationIsVisible = 0;
			defaultConfigurationName = Release;
		};
/* End XCConfigurationList section */

/* Begin XCRemoteSwiftPackageReference section */
		84088DE025B9D93200264589 /* XCRemoteSwiftPackageReference "lottie-ios" */ = {
			isa = XCRemoteSwiftPackageReference;
			repositoryURL = "https://github.com/airbnb/lottie-ios";
			requirement = {
				kind = upToNextMajorVersion;
				minimumVersion = 3.1.9;
			};
		};
/* End XCRemoteSwiftPackageReference section */

/* Begin XCSwiftPackageProductDependency section */
		84088DE125B9D93200264589 /* Lottie */ = {
			isa = XCSwiftPackageProductDependency;
			package = 84088DE025B9D93200264589 /* XCRemoteSwiftPackageReference "lottie-ios" */;
			productName = Lottie;
		};
/* End XCSwiftPackageProductDependency section */
	};
	rootObject = 84088D8025B9D59A00264589 /* Project object */;
}
