// !$*UTF8*$!
{
	archiveVersion = 1;
	classes = {
	};
	objectVersion = 52;
	objects = {

/* Begin PBXBuildFile section */
		84088D8C25B9D59A00264589 /* TofyWalletApp.swift in Sources */ = {isa = PBXBuildFile; fileRef = 84088D8B25B9D59A00264589 /* TofyWalletApp.swift */; };
		84088D8E25B9D59A00264589 /* ContentView.swift in Sources */ = {isa = PBXBuildFile; fileRef = 84088D8D25B9D59A00264589 /* ContentView.swift */; };
		84088D9025B9D59D00264589 /* Assets.xcassets in Resources */ = {isa = PBXBuildFile; fileRef = 84088D8F25B9D59D00264589 /* Assets.xcassets */; };
		84088D9325B9D59D00264589 /* Preview Assets.xcassets in Resources */ = {isa = PBXBuildFile; fileRef = 84088D9225B9D59D00264589 /* Preview Assets.xcassets */; };
		84088D9E25B9D59D00264589 /* TofyWalletTests.swift in Sources */ = {isa = PBXBuildFile; fileRef = 84088D9D25B9D59D00264589 /* TofyWalletTests.swift */; };
		84088DA925B9D59D00264589 /* TofyWalletUITests.swift in Sources */ = {isa = PBXBuildFile; fileRef = 84088DA825B9D59D00264589 /* TofyWalletUITests.swift */; };
		84088DBB25B9D66B00264589 /* Colores.swift in Sources */ = {isa = PBXBuildFile; fileRef = 84088DBA25B9D66B00264589 /* Colores.swift */; };
		84088DBC25B9D66B00264589 /* Colores.swift in Sources */ = {isa = PBXBuildFile; fileRef = 84088DBA25B9D66B00264589 /* Colores.swift */; };
		84088DBD25B9D66B00264589 /* Colores.swift in Sources */ = {isa = PBXBuildFile; fileRef = 84088DBA25B9D66B00264589 /* Colores.swift */; };
		84088DC525B9D73A00264589 /* TextView.swift in Sources */ = {isa = PBXBuildFile; fileRef = 84088DC425B9D73A00264589 /* TextView.swift */; };
		84088DC625B9D73A00264589 /* TextView.swift in Sources */ = {isa = PBXBuildFile; fileRef = 84088DC425B9D73A00264589 /* TextView.swift */; };
		84088DC725B9D73A00264589 /* TextView.swift in Sources */ = {isa = PBXBuildFile; fileRef = 84088DC425B9D73A00264589 /* TextView.swift */; };
		84088DCC25B9D80900264589 /* Botones.swift in Sources */ = {isa = PBXBuildFile; fileRef = 84088DCB25B9D80900264589 /* Botones.swift */; };
		84088DCD25B9D80900264589 /* Botones.swift in Sources */ = {isa = PBXBuildFile; fileRef = 84088DCB25B9D80900264589 /* Botones.swift */; };
		84088DCE25B9D80900264589 /* Botones.swift in Sources */ = {isa = PBXBuildFile; fileRef = 84088DCB25B9D80900264589 /* Botones.swift */; };
		84088DD325B9D85A00264589 /* BaseView.swift in Sources */ = {isa = PBXBuildFile; fileRef = 84088DD225B9D85A00264589 /* BaseView.swift */; };
		84088DD425B9D85A00264589 /* BaseView.swift in Sources */ = {isa = PBXBuildFile; fileRef = 84088DD225B9D85A00264589 /* BaseView.swift */; };
		84088DD525B9D85A00264589 /* BaseView.swift in Sources */ = {isa = PBXBuildFile; fileRef = 84088DD225B9D85A00264589 /* BaseView.swift */; };
		84088DDA25B9D8A100264589 /* LottieView.swift in Sources */ = {isa = PBXBuildFile; fileRef = 84088DD925B9D8A100264589 /* LottieView.swift */; };
		84088DDB25B9D8A100264589 /* LottieView.swift in Sources */ = {isa = PBXBuildFile; fileRef = 84088DD925B9D8A100264589 /* LottieView.swift */; };
		84088DDC25B9D8A100264589 /* LottieView.swift in Sources */ = {isa = PBXBuildFile; fileRef = 84088DD925B9D8A100264589 /* LottieView.swift */; };
		84088DE225B9D93200264589 /* Lottie in Frameworks */ = {isa = PBXBuildFile; productRef = 84088DE125B9D93200264589 /* Lottie */; };
		84088DEA25B9D98800264589 /* Modifiers.swift in Sources */ = {isa = PBXBuildFile; fileRef = 84088DE925B9D98800264589 /* Modifiers.swift */; };
		84088DEB25B9D98800264589 /* Modifiers.swift in Sources */ = {isa = PBXBuildFile; fileRef = 84088DE925B9D98800264589 /* Modifiers.swift */; };
		84088DEC25B9D98800264589 /* Modifiers.swift in Sources */ = {isa = PBXBuildFile; fileRef = 84088DE925B9D98800264589 /* Modifiers.swift */; };
		84088DF125B9D9E800264589 /* Extensions.swift in Sources */ = {isa = PBXBuildFile; fileRef = 84088DF025B9D9E800264589 /* Extensions.swift */; };
		84088DF225B9D9E800264589 /* Extensions.swift in Sources */ = {isa = PBXBuildFile; fileRef = 84088DF025B9D9E800264589 /* Extensions.swift */; };
		84088DF325B9D9E800264589 /* Extensions.swift in Sources */ = {isa = PBXBuildFile; fileRef = 84088DF025B9D9E800264589 /* Extensions.swift */; };
		84088DF825B9DA1700264589 /* BiometriaHelper.swift in Sources */ = {isa = PBXBuildFile; fileRef = 84088DF725B9DA1700264589 /* BiometriaHelper.swift */; };
		84088DF925B9DA1700264589 /* BiometriaHelper.swift in Sources */ = {isa = PBXBuildFile; fileRef = 84088DF725B9DA1700264589 /* BiometriaHelper.swift */; };
		84088DFA25B9DA1700264589 /* BiometriaHelper.swift in Sources */ = {isa = PBXBuildFile; fileRef = 84088DF725B9DA1700264589 /* BiometriaHelper.swift */; };
		84088DFF25B9DA5500264589 /* Localizable.strings in Resources */ = {isa = PBXBuildFile; fileRef = 84088DFE25B9DA5500264589 /* Localizable.strings */; };
		84088E0025B9DA5500264589 /* Localizable.strings in Resources */ = {isa = PBXBuildFile; fileRef = 84088DFE25B9DA5500264589 /* Localizable.strings */; };
		84088E0125B9DA5500264589 /* Localizable.strings in Resources */ = {isa = PBXBuildFile; fileRef = 84088DFE25B9DA5500264589 /* Localizable.strings */; };
		84088E0725B9E53D00264589 /* ApiManager.swift in Sources */ = {isa = PBXBuildFile; fileRef = 84088E0625B9E53D00264589 /* ApiManager.swift */; };
		84088E0825B9E53D00264589 /* ApiManager.swift in Sources */ = {isa = PBXBuildFile; fileRef = 84088E0625B9E53D00264589 /* ApiManager.swift */; };
		84088E0925B9E53D00264589 /* ApiManager.swift in Sources */ = {isa = PBXBuildFile; fileRef = 84088E0625B9E53D00264589 /* ApiManager.swift */; };
		84088E1125B9E5C800264589 /* Usuario.swift in Sources */ = {isa = PBXBuildFile; fileRef = 84088E1025B9E5C800264589 /* Usuario.swift */; };
		84088E1225B9E5C800264589 /* Usuario.swift in Sources */ = {isa = PBXBuildFile; fileRef = 84088E1025B9E5C800264589 /* Usuario.swift */; };
		84088E1325B9E5C800264589 /* Usuario.swift in Sources */ = {isa = PBXBuildFile; fileRef = 84088E1025B9E5C800264589 /* Usuario.swift */; };
		848DC11725BAF09200F94731 /* MainView.swift in Sources */ = {isa = PBXBuildFile; fileRef = 848DC11625BAF09200F94731 /* MainView.swift */; };
		848DC12225BAF14300F94731 /* HomeView.swift in Sources */ = {isa = PBXBuildFile; fileRef = 848DC12125BAF14300F94731 /* HomeView.swift */; };
		848DC12A25BAF14F00F94731 /* PeriodoView.swift in Sources */ = {isa = PBXBuildFile; fileRef = 848DC12925BAF14F00F94731 /* PeriodoView.swift */; };
		848DC13225BAF17800F94731 /* HistoricoView.swift in Sources */ = {isa = PBXBuildFile; fileRef = 848DC13125BAF17800F94731 /* HistoricoView.swift */; };
/* End PBXBuildFile section */

/* Begin PBXContainerItemProxy section */
		84088D9A25B9D59D00264589 /* PBXContainerItemProxy */ = {
			isa = PBXContainerItemProxy;
			containerPortal = 84088D8025B9D59A00264589 /* Project object */;
			proxyType = 1;
			remoteGlobalIDString = 84088D8725B9D59A00264589;
			remoteInfo = TofyWallet;
		};
		84088DA525B9D59D00264589 /* PBXContainerItemProxy */ = {
			isa = PBXContainerItemProxy;
			containerPortal = 84088D8025B9D59A00264589 /* Project object */;
			proxyType = 1;
			remoteGlobalIDString = 84088D8725B9D59A00264589;
			remoteInfo = TofyWallet;
		};
/* End PBXContainerItemProxy section */

/* Begin PBXFileReference section */
		84088D8825B9D59A00264589 /* TofyWallet.app */ = {isa = PBXFileReference; explicitFileType = wrapper.application; includeInIndex = 0; path = TofyWallet.app; sourceTree = BUILT_PRODUCTS_DIR; };
		84088D8B25B9D59A00264589 /* TofyWalletApp.swift */ = {isa = PBXFileReference; lastKnownFileType = sourcecode.swift; path = TofyWalletApp.swift; sourceTree = "<group>"; };
		84088D8D25B9D59A00264589 /* ContentView.swift */ = {isa = PBXFileReference; lastKnownFileType = sourcecode.swift; path = ContentView.swift; sourceTree = "<group>"; };
		84088D8F25B9D59D00264589 /* Assets.xcassets */ = {isa = PBXFileReference; lastKnownFileType = folder.assetcatalog; path = Assets.xcassets; sourceTree = "<group>"; };
		84088D9225B9D59D00264589 /* Preview Assets.xcassets */ = {isa = PBXFileReference; lastKnownFileType = folder.assetcatalog; path = "Preview Assets.xcassets"; sourceTree = "<group>"; };
		84088D9425B9D59D00264589 /* Info.plist */ = {isa = PBXFileReference; lastKnownFileType = text.plist.xml; path = Info.plist; sourceTree = "<group>"; };
		84088D9925B9D59D00264589 /* TofyWalletTests.xctest */ = {isa = PBXFileReference; explicitFileType = wrapper.cfbundle; includeInIndex = 0; path = TofyWalletTests.xctest; sourceTree = BUILT_PRODUCTS_DIR; };
		84088D9D25B9D59D00264589 /* TofyWalletTests.swift */ = {isa = PBXFileReference; lastKnownFileType = sourcecode.swift; path = TofyWalletTests.swift; sourceTree = "<group>"; };
		84088D9F25B9D59D00264589 /* Info.plist */ = {isa = PBXFileReference; lastKnownFileType = text.plist.xml; path = Info.plist; sourceTree = "<group>"; };
		84088DA425B9D59D00264589 /* TofyWalletUITests.xctest */ = {isa = PBXFileReference; explicitFileType = wrapper.cfbundle; includeInIndex = 0; path = TofyWalletUITests.xctest; sourceTree = BUILT_PRODUCTS_DIR; };
		84088DA825B9D59D00264589 /* TofyWalletUITests.swift */ = {isa = PBXFileReference; lastKnownFileType = sourcecode.swift; path = TofyWalletUITests.swift; sourceTree = "<group>"; };
		84088DAA25B9D59D00264589 /* Info.plist */ = {isa = PBXFileReference; lastKnownFileType = text.plist.xml; path = Info.plist; sourceTree = "<group>"; };
		84088DBA25B9D66B00264589 /* Colores.swift */ = {isa = PBXFileReference; lastKnownFileType = sourcecode.swift; path = Colores.swift; sourceTree = "<group>"; };
		84088DC425B9D73A00264589 /* TextView.swift */ = {isa = PBXFileReference; lastKnownFileType = sourcecode.swift; path = TextView.swift; sourceTree = "<group>"; };
		84088DCB25B9D80900264589 /* Botones.swift */ = {isa = PBXFileReference; lastKnownFileType = sourcecode.swift; path = Botones.swift; sourceTree = "<group>"; };
		84088DD225B9D85A00264589 /* BaseView.swift */ = {isa = PBXFileReference; lastKnownFileType = sourcecode.swift; path = BaseView.swift; sourceTree = "<group>"; };
		84088DD925B9D8A100264589 /* LottieView.swift */ = {isa = PBXFileReference; lastKnownFileType = sourcecode.swift; path = LottieView.swift; sourceTree = "<group>"; };
		84088DE925B9D98800264589 /* Modifiers.swift */ = {isa = PBXFileReference; lastKnownFileType = sourcecode.swift; path = Modifiers.swift; sourceTree = "<group>"; };
		84088DF025B9D9E800264589 /* Extensions.swift */ = {isa = PBXFileReference; lastKnownFileType = sourcecode.swift; path = Extensions.swift; sourceTree = "<group>"; };
		84088DF725B9DA1700264589 /* BiometriaHelper.swift */ = {isa = PBXFileReference; lastKnownFileType = sourcecode.swift; path = BiometriaHelper.swift; sourceTree = "<group>"; };
		84088DFE25B9DA5500264589 /* Localizable.strings */ = {isa = PBXFileReference; lastKnownFileType = text.plist.strings; path = Localizable.strings; sourceTree = "<group>"; };
		84088E0625B9E53D00264589 /* ApiManager.swift */ = {isa = PBXFileReference; lastKnownFileType = sourcecode.swift; path = ApiManager.swift; sourceTree = "<group>"; };
		84088E1025B9E5C800264589 /* Usuario.swift */ = {isa = PBXFileReference; lastKnownFileType = sourcecode.swift; path = Usuario.swift; sourceTree = "<group>"; };
		848DC11625BAF09200F94731 /* MainView.swift */ = {isa = PBXFileReference; lastKnownFileType = sourcecode.swift; path = MainView.swift; sourceTree = "<group>"; };
		848DC12125BAF14300F94731 /* HomeView.swift */ = {isa = PBXFileReference; lastKnownFileType = sourcecode.swift; path = HomeView.swift; sourceTree = "<group>"; };
		848DC12925BAF14F00F94731 /* PeriodoView.swift */ = {isa = PBXFileReference; lastKnownFileType = sourcecode.swift; path = PeriodoView.swift; sourceTree = "<group>"; };
		848DC13125BAF17800F94731 /* HistoricoView.swift */ = {isa = PBXFileReference; lastKnownFileType = sourcecode.swift; path = HistoricoView.swift; sourceTree = "<group>"; };
/* End PBXFileReference section */

/* Begin PBXFrameworksBuildPhase section */
		84088D8525B9D59A00264589 /* Frameworks */ = {
			isa = PBXFrameworksBuildPhase;
			buildActionMask = 2147483647;
			files = (
				84088DE225B9D93200264589 /* Lottie in Frameworks */,
			);
			runOnlyForDeploymentPostprocessing = 0;
		};
		84088D9625B9D59D00264589 /* Frameworks */ = {
			isa = PBXFrameworksBuildPhase;
			buildActionMask = 2147483647;
			files = (
			);
			runOnlyForDeploymentPostprocessing = 0;
		};
		84088DA125B9D59D00264589 /* Frameworks */ = {
			isa = PBXFrameworksBuildPhase;
			buildActionMask = 2147483647;
			files = (
			);
			runOnlyForDeploymentPostprocessing = 0;
		};
/* End PBXFrameworksBuildPhase section */

/* Begin PBXGroup section */
		84088D7F25B9D59A00264589 = {
			isa = PBXGroup;
			children = (
				84088D8A25B9D59A00264589 /* TofyWallet */,
				84088D9C25B9D59D00264589 /* TofyWalletTests */,
				84088DA725B9D59D00264589 /* TofyWalletUITests */,
				84088D8925B9D59A00264589 /* Products */,
			);
			sourceTree = "<group>";
		};
		84088D8925B9D59A00264589 /* Products */ = {
			isa = PBXGroup;
			children = (
				84088D8825B9D59A00264589 /* TofyWallet.app */,
				84088D9925B9D59D00264589 /* TofyWalletTests.xctest */,
				84088DA425B9D59D00264589 /* TofyWalletUITests.xctest */,
			);
			name = Products;
			sourceTree = "<group>";
		};
		84088D8A25B9D59A00264589 /* TofyWallet */ = {
			isa = PBXGroup;
			children = (
				848DC12025BAF13200F94731 /* Historico */,
				848DC11F25BAF12100F94731 /* Periodo */,
				848DC11E25BAF11B00F94731 /* Home */,
				848DC11525BAF08000F94731 /* Main */,
				84088E0525B9E50700264589 /* Api */,
				84088DB925B9D65900264589 /* Helpers */,
				84088D8B25B9D59A00264589 /* TofyWalletApp.swift */,
				84088D8D25B9D59A00264589 /* ContentView.swift */,
				84088D8F25B9D59D00264589 /* Assets.xcassets */,
				84088D9425B9D59D00264589 /* Info.plist */,
				84088D9125B9D59D00264589 /* Preview Content */,
			);
			path = TofyWallet;
			sourceTree = "<group>";
		};
		84088D9125B9D59D00264589 /* Preview Content */ = {
			isa = PBXGroup;
			children = (
				84088D9225B9D59D00264589 /* Preview Assets.xcassets */,
			);
			path = "Preview Content";
			sourceTree = "<group>";
		};
		84088D9C25B9D59D00264589 /* TofyWalletTests */ = {
			isa = PBXGroup;
			children = (
				84088D9D25B9D59D00264589 /* TofyWalletTests.swift */,
				84088D9F25B9D59D00264589 /* Info.plist */,
			);
			path = TofyWalletTests;
			sourceTree = "<group>";
		};
		84088DA725B9D59D00264589 /* TofyWalletUITests */ = {
			isa = PBXGroup;
			children = (
				84088DA825B9D59D00264589 /* TofyWalletUITests.swift */,
				84088DAA25B9D59D00264589 /* Info.plist */,
			);
			path = TofyWalletUITests;
			sourceTree = "<group>";
		};
		84088DB925B9D65900264589 /* Helpers */ = {
			isa = PBXGroup;
			children = (
				84088DBA25B9D66B00264589 /* Colores.swift */,
				84088DC425B9D73A00264589 /* TextView.swift */,
				84088DCB25B9D80900264589 /* Botones.swift */,
				84088DD225B9D85A00264589 /* BaseView.swift */,
				84088DD925B9D8A100264589 /* LottieView.swift */,
				84088DE925B9D98800264589 /* Modifiers.swift */,
				84088DF025B9D9E800264589 /* Extensions.swift */,
				84088DF725B9DA1700264589 /* BiometriaHelper.swift */,
				84088DFE25B9DA5500264589 /* Localizable.strings */,
			);
			path = Helpers;
			sourceTree = "<group>";
		};
		84088E0525B9E50700264589 /* Api */ = {
			isa = PBXGroup;
			children = (
				84088E0625B9E53D00264589 /* ApiManager.swift */,
				84088E1025B9E5C800264589 /* Usuario.swift */,
			);
			path = Api;
			sourceTree = "<group>";
		};
		848DC11525BAF08000F94731 /* Main */ = {
			isa = PBXGroup;
			children = (
				848DC11625BAF09200F94731 /* MainView.swift */,
			);
			path = Main;
			sourceTree = "<group>";
		};
		848DC11E25BAF11B00F94731 /* Home */ = {
			isa = PBXGroup;
			children = (
				848DC12125BAF14300F94731 /* HomeView.swift */,
			);
			path = Home;
			sourceTree = "<group>";
		};
		848DC11F25BAF12100F94731 /* Periodo */ = {
			isa = PBXGroup;
			children = (
				848DC12925BAF14F00F94731 /* PeriodoView.swift */,
			);
			path = Periodo;
			sourceTree = "<group>";
		};
		848DC12025BAF13200F94731 /* Historico */ = {
			isa = PBXGroup;
			children = (
				848DC13125BAF17800F94731 /* HistoricoView.swift */,
			);
			path = Historico;
			sourceTree = "<group>";
		};
/* End PBXGroup section */

/* Begin PBXNativeTarget section */
		84088D8725B9D59A00264589 /* TofyWallet */ = {
			isa = PBXNativeTarget;
			buildConfigurationList = 84088DAD25B9D59D00264589 /* Build configuration list for PBXNativeTarget "TofyWallet" */;
			buildPhases = (
				84088D8425B9D59A00264589 /* Sources */,
				84088D8525B9D59A00264589 /* Frameworks */,
				84088D8625B9D59A00264589 /* Resources */,
			);
			buildRules = (
			);
			dependencies = (
			);
			name = TofyWallet;
			packageProductDependencies = (
				84088DE125B9D93200264589 /* Lottie */,
			);
			productName = TofyWallet;
			productReference = 84088D8825B9D59A00264589 /* TofyWallet.app */;
			productType = "com.apple.product-type.application";
		};
		84088D9825B9D59D00264589 /* TofyWalletTests */ = {
			isa = PBXNativeTarget;
			buildConfigurationList = 84088DB025B9D59D00264589 /* Build configuration list for PBXNativeTarget "TofyWalletTests" */;
			buildPhases = (
				84088D9525B9D59D00264589 /* Sources */,
				84088D9625B9D59D00264589 /* Frameworks */,
				84088D9725B9D59D00264589 /* Resources */,
			);
			buildRules = (
			);
			dependencies = (
				84088D9B25B9D59D00264589 /* PBXTargetDependency */,
			);
			name = TofyWalletTests;
			productName = TofyWalletTests;
			productReference = 84088D9925B9D59D00264589 /* TofyWalletTests.xctest */;
			productType = "com.apple.product-type.bundle.unit-test";
		};
		84088DA325B9D59D00264589 /* TofyWalletUITests */ = {
			isa = PBXNativeTarget;
			buildConfigurationList = 84088DB325B9D59D00264589 /* Build configuration list for PBXNativeTarget "TofyWalletUITests" */;
			buildPhases = (
				84088DA025B9D59D00264589 /* Sources */,
				84088DA125B9D59D00264589 /* Frameworks */,
				84088DA225B9D59D00264589 /* Resources */,
			);
			buildRules = (
			);
			dependencies = (
				84088DA625B9D59D00264589 /* PBXTargetDependency */,
			);
			name = TofyWalletUITests;
			productName = TofyWalletUITests;
			productReference = 84088DA425B9D59D00264589 /* TofyWalletUITests.xctest */;
			productType = "com.apple.product-type.bundle.ui-testing";
		};
/* End PBXNativeTarget section */

/* Begin PBXProject section */
		84088D8025B9D59A00264589 /* Project object */ = {
			isa = PBXProject;
			attributes = {
				LastSwiftUpdateCheck = 1230;
				LastUpgradeCheck = 1230;
				TargetAttributes = {
					84088D8725B9D59A00264589 = {
						CreatedOnToolsVersion = 12.3;
					};
					84088D9825B9D59D00264589 = {
						CreatedOnToolsVersion = 12.3;
						TestTargetID = 84088D8725B9D59A00264589;
					};
					84088DA325B9D59D00264589 = {
						CreatedOnToolsVersion = 12.3;
						TestTargetID = 84088D8725B9D59A00264589;
					};
				};
			};
			buildConfigurationList = 84088D8325B9D59A00264589 /* Build configuration list for PBXProject "TofyWallet" */;
			compatibilityVersion = "Xcode 9.3";
			developmentRegion = en;
			hasScannedForEncodings = 0;
			knownRegions = (
				en,
				Base,
			);
			mainGroup = 84088D7F25B9D59A00264589;
			packageReferences = (
				84088DE025B9D93200264589 /* XCRemoteSwiftPackageReference "lottie-ios" */,
			);
			productRefGroup = 84088D8925B9D59A00264589 /* Products */;
			projectDirPath = "";
			projectRoot = "";
			targets = (
				84088D8725B9D59A00264589 /* TofyWallet */,
				84088D9825B9D59D00264589 /* TofyWalletTests */,
				84088DA325B9D59D00264589 /* TofyWalletUITests */,
			);
		};
/* End PBXProject section */

/* Begin PBXResourcesBuildPhase section */
		84088D8625B9D59A00264589 /* Resources */ = {
			isa = PBXResourcesBuildPhase;
			buildActionMask = 2147483647;
			files = (
				84088D9325B9D59D00264589 /* Preview Assets.xcassets in Resources */,
				84088DFF25B9DA5500264589 /* Localizable.strings in Resources */,
				84088D9025B9D59D00264589 /* Assets.xcassets in Resources */,
			);
			runOnlyForDeploymentPostprocessing = 0;
		};
		84088D9725B9D59D00264589 /* Resources */ = {
			isa = PBXResourcesBuildPhase;
			buildActionMask = 2147483647;
			files = (
				84088E0025B9DA5500264589 /* Localizable.strings in Resources */,
			);
			runOnlyForDeploymentPostprocessing = 0;
		};
		84088DA225B9D59D00264589 /* Resources */ = {
			isa = PBXResourcesBuildPhase;
			buildActionMask = 2147483647;
			files = (
				84088E0125B9DA5500264589 /* Localizable.strings in Resources */,
			);
			runOnlyForDeploymentPostprocessing = 0;
		};
/* End PBXResourcesBuildPhase section */

/* Begin PBXSourcesBuildPhase section */
		84088D8425B9D59A00264589 /* Sources */ = {
			isa = PBXSourcesBuildPhase;
			buildActionMask = 2147483647;
			files = (
				84088DF825B9DA1700264589 /* BiometriaHelper.swift in Sources */,
				848DC12225BAF14300F94731 /* HomeView.swift in Sources */,
				848DC11725BAF09200F94731 /* MainView.swift in Sources */,
				84088D8E25B9D59A00264589 /* ContentView.swift in Sources */,
				848DC12A25BAF14F00F94731 /* PeriodoView.swift in Sources */,
				84088DF125B9D9E800264589 /* Extensions.swift in Sources */,
				84088DC525B9D73A00264589 /* TextView.swift in Sources */,
				84088DBB25B9D66B00264589 /* Colores.swift in Sources */,
				84088DD325B9D85A00264589 /* BaseView.swift in Sources */,
				84088E0725B9E53D00264589 /* ApiManager.swift in Sources */,
				84088DEA25B9D98800264589 /* Modifiers.swift in Sources */,
				84088E1125B9E5C800264589 /* Usuario.swift in Sources */,
				84088DDA25B9D8A100264589 /* LottieView.swift in Sources */,
				848DC13225BAF17800F94731 /* HistoricoView.swift in Sources */,
				84088D8C25B9D59A00264589 /* TofyWalletApp.swift in Sources */,
				84088DCC25B9D80900264589 /* Botones.swift in Sources */,
			);
			runOnlyForDeploymentPostprocessing = 0;
		};
		84088D9525B9D59D00264589 /* Sources */ = {
			isa = PBXSourcesBuildPhase;
			buildActionMask = 2147483647;
			files = (
				84088DC625B9D73A00264589 /* TextView.swift in Sources */,
				84088D9E25B9D59D00264589 /* TofyWalletTests.swift in Sources */,
				84088E0825B9E53D00264589 /* ApiManager.swift in Sources */,
				84088DEB25B9D98800264589 /* Modifiers.swift in Sources */,
				84088DF225B9D9E800264589 /* Extensions.swift in Sources */,
				84088DF925B9DA1700264589 /* BiometriaHelper.swift in Sources */,
				84088DD425B9D85A00264589 /* BaseView.swift in Sources */,
				84088DCD25B9D80900264589 /* Botones.swift in Sources */,
				84088DBC25B9D66B00264589 /* Colores.swift in Sources */,
				84088DDB25B9D8A100264589 /* LottieView.swift in Sources */,
				84088E1225B9E5C800264589 /* Usuario.swift in Sources */,
			);
			runOnlyForDeploymentPostprocessing = 0;
		};
		84088DA025B9D59D00264589 /* Sources */ = {
			isa = PBXSourcesBuildPhase;
			buildActionMask = 2147483647;
			files = (
				84088DC725B9D73A00264589 /* TextView.swift in Sources */,
				84088DA925B9D59D00264589 /* TofyWalletUITests.swift in Sources */,
				84088E0925B9E53D00264589 /* ApiManager.swift in Sources */,
				84088DEC25B9D98800264589 /* Modifiers.swift in Sources */,
				84088DF325B9D9E800264589 /* Extensions.swift in Sources */,
				84088DFA25B9DA1700264589 /* BiometriaHelper.swift in Sources */,
				84088DD525B9D85A00264589 /* BaseView.swift in Sources */,
				84088DCE25B9D80900264589 /* Botones.swift in Sources */,
				84088DBD25B9D66B00264589 /* Colores.swift in Sources */,
				84088DDC25B9D8A100264589 /* LottieView.swift in Sources */,
				84088E1325B9E5C800264589 /* Usuario.swift in Sources */,
			);
			runOnlyForDeploymentPostprocessing = 0;
		};
/* End PBXSourcesBuildPhase section */

/* Begin PBXTargetDependency section */
		84088D9B25B9D59D00264589 /* PBXTargetDependency */ = {
			isa = PBXTargetDependency;
			target = 84088D8725B9D59A00264589 /* TofyWallet */;
			targetProxy = 84088D9A25B9D59D00264589 /* PBXContainerItemProxy */;
		};
		84088DA625B9D59D00264589 /* PBXTargetDependency */ = {
			isa = PBXTargetDependency;
			target = 84088D8725B9D59A00264589 /* TofyWallet */;
			targetProxy = 84088DA525B9D59D00264589 /* PBXContainerItemProxy */;
		};
/* End PBXTargetDependency section */

/* Begin XCBuildConfiguration section */
		84088DAB25B9D59D00264589 /* Debug */ = {
			isa = XCBuildConfiguration;
			buildSettings = {
				ALWAYS_SEARCH_USER_PATHS = NO;
				CLANG_ANALYZER_NONNULL = YES;
				CLANG_ANALYZER_NUMBER_OBJECT_CONVERSION = YES_AGGRESSIVE;
				CLANG_CXX_LANGUAGE_STANDARD = "gnu++14";
				CLANG_CXX_LIBRARY = "libc++";
				CLANG_ENABLE_MODULES = YES;
				CLANG_ENABLE_OBJC_ARC = YES;
				CLANG_ENABLE_OBJC_WEAK = YES;
				CLANG_WARN_BLOCK_CAPTURE_AUTORELEASING = YES;
				CLANG_WARN_BOOL_CONVERSION = YES;
				CLANG_WARN_COMMA = YES;
				CLANG_WARN_CONSTANT_CONVERSION = YES;
				CLANG_WARN_DEPRECATED_OBJC_IMPLEMENTATIONS = YES;
				CLANG_WARN_DIRECT_OBJC_ISA_USAGE = YES_ERROR;
				CLANG_WARN_DOCUMENTATION_COMMENTS = YES;
				CLANG_WARN_EMPTY_BODY = YES;
				CLANG_WARN_ENUM_CONVERSION = YES;
				CLANG_WARN_INFINITE_RECURSION = YES;
				CLANG_WARN_INT_CONVERSION = YES;
				CLANG_WARN_NON_LITERAL_NULL_CONVERSION = YES;
				CLANG_WARN_OBJC_IMPLICIT_RETAIN_SELF = YES;
				CLANG_WARN_OBJC_LITERAL_CONVERSION = YES;
				CLANG_WARN_OBJC_ROOT_CLASS = YES_ERROR;
				CLANG_WARN_QUOTED_INCLUDE_IN_FRAMEWORK_HEADER = YES;
				CLANG_WARN_RANGE_LOOP_ANALYSIS = YES;
				CLANG_WARN_STRICT_PROTOTYPES = YES;
				CLANG_WARN_SUSPICIOUS_MOVE = YES;
				CLANG_WARN_UNGUARDED_AVAILABILITY = YES_AGGRESSIVE;
				CLANG_WARN_UNREACHABLE_CODE = YES;
				CLANG_WARN__DUPLICATE_METHOD_MATCH = YES;
				COPY_PHASE_STRIP = NO;
				DEBUG_INFORMATION_FORMAT = dwarf;
				ENABLE_STRICT_OBJC_MSGSEND = YES;
				ENABLE_TESTABILITY = YES;
				GCC_C_LANGUAGE_STANDARD = gnu11;
				GCC_DYNAMIC_NO_PIC = NO;
				GCC_NO_COMMON_BLOCKS = YES;
				GCC_OPTIMIZATION_LEVEL = 0;
				GCC_PREPROCESSOR_DEFINITIONS = (
					"DEBUG=1",
					"$(inherited)",
				);
				GCC_WARN_64_TO_32_BIT_CONVERSION = YES;
				GCC_WARN_ABOUT_RETURN_TYPE = YES_ERROR;
				GCC_WARN_UNDECLARED_SELECTOR = YES;
				GCC_WARN_UNINITIALIZED_AUTOS = YES_AGGRESSIVE;
				GCC_WARN_UNUSED_FUNCTION = YES;
				GCC_WARN_UNUSED_VARIABLE = YES;
				IPHONEOS_DEPLOYMENT_TARGET = 14.3;
				MTL_ENABLE_DEBUG_INFO = INCLUDE_SOURCE;
				MTL_FAST_MATH = YES;
				ONLY_ACTIVE_ARCH = YES;
				SDKROOT = iphoneos;
				SWIFT_ACTIVE_COMPILATION_CONDITIONS = DEBUG;
				SWIFT_OPTIMIZATION_LEVEL = "-Onone";
			};
			name = Debug;
		};
		84088DAC25B9D59D00264589 /* Release */ = {
			isa = XCBuildConfiguration;
			buildSettings = {
				ALWAYS_SEARCH_USER_PATHS = NO;
				CLANG_ANALYZER_NONNULL = YES;
				CLANG_ANALYZER_NUMBER_OBJECT_CONVERSION = YES_AGGRESSIVE;
				CLANG_CXX_LANGUAGE_STANDARD = "gnu++14";
				CLANG_CXX_LIBRARY = "libc++";
				CLANG_ENABLE_MODULES = YES;
				CLANG_ENABLE_OBJC_ARC = YES;
				CLANG_ENABLE_OBJC_WEAK = YES;
				CLANG_WARN_BLOCK_CAPTURE_AUTORELEASING = YES;
				CLANG_WARN_BOOL_CONVERSION = YES;
				CLANG_WARN_COMMA = YES;
				CLANG_WARN_CONSTANT_CONVERSION = YES;
				CLANG_WARN_DEPRECATED_OBJC_IMPLEMENTATIONS = YES;
				CLANG_WARN_DIRECT_OBJC_ISA_USAGE = YES_ERROR;
				CLANG_WARN_DOCUMENTATION_COMMENTS = YES;
				CLANG_WARN_EMPTY_BODY = YES;
				CLANG_WARN_ENUM_CONVERSION = YES;
				CLANG_WARN_INFINITE_RECURSION = YES;
				CLANG_WARN_INT_CONVERSION = YES;
				CLANG_WARN_NON_LITERAL_NULL_CONVERSION = YES;
				CLANG_WARN_OBJC_IMPLICIT_RETAIN_SELF = YES;
				CLANG_WARN_OBJC_LITERAL_CONVERSION = YES;
				CLANG_WARN_OBJC_ROOT_CLASS = YES_ERROR;
				CLANG_WARN_QUOTED_INCLUDE_IN_FRAMEWORK_HEADER = YES;
				CLANG_WARN_RANGE_LOOP_ANALYSIS = YES;
				CLANG_WARN_STRICT_PROTOTYPES = YES;
				CLANG_WARN_SUSPICIOUS_MOVE = YES;
				CLANG_WARN_UNGUARDED_AVAILABILITY = YES_AGGRESSIVE;
				CLANG_WARN_UNREACHABLE_CODE = YES;
				CLANG_WARN__DUPLICATE_METHOD_MATCH = YES;
				COPY_PHASE_STRIP = NO;
				DEBUG_INFORMATION_FORMAT = "dwarf-with-dsym";
				ENABLE_NS_ASSERTIONS = NO;
				ENABLE_STRICT_OBJC_MSGSEND = YES;
				GCC_C_LANGUAGE_STANDARD = gnu11;
				GCC_NO_COMMON_BLOCKS = YES;
				GCC_WARN_64_TO_32_BIT_CONVERSION = YES;
				GCC_WARN_ABOUT_RETURN_TYPE = YES_ERROR;
				GCC_WARN_UNDECLARED_SELECTOR = YES;
				GCC_WARN_UNINITIALIZED_AUTOS = YES_AGGRESSIVE;
				GCC_WARN_UNUSED_FUNCTION = YES;
				GCC_WARN_UNUSED_VARIABLE = YES;
				IPHONEOS_DEPLOYMENT_TARGET = 14.3;
				MTL_ENABLE_DEBUG_INFO = NO;
				MTL_FAST_MATH = YES;
				SDKROOT = iphoneos;
				SWIFT_COMPILATION_MODE = wholemodule;
				SWIFT_OPTIMIZATION_LEVEL = "-O";
				VALIDATE_PRODUCT = YES;
			};
			name = Release;
		};
		84088DAE25B9D59D00264589 /* Debug */ = {
			isa = XCBuildConfiguration;
			buildSettings = {
				ASSETCATALOG_COMPILER_APPICON_NAME = AppIcon;
				ASSETCATALOG_COMPILER_GLOBAL_ACCENT_COLOR_NAME = AccentColor;
				CODE_SIGN_STYLE = Automatic;
				DEVELOPMENT_ASSET_PATHS = "\"TofyWallet/Preview Content\"";
				DEVELOPMENT_TEAM = D5PK29TDFS;
				ENABLE_PREVIEWS = YES;
				INFOPLIST_FILE = TofyWallet/Info.plist;
				IPHONEOS_DEPLOYMENT_TARGET = 14.0;
				LD_RUNPATH_SEARCH_PATHS = (
					"$(inherited)",
					"@executable_path/Frameworks",
				);
				PRODUCT_BUNDLE_IDENTIFIER = com.codebounds.TofyWallet;
				PRODUCT_NAME = "$(TARGET_NAME)";
				SWIFT_VERSION = 5.0;
				TARGETED_DEVICE_FAMILY = "1,2";
			};
			name = Debug;
		};
		84088DAF25B9D59D00264589 /* Release */ = {
			isa = XCBuildConfiguration;
			buildSettings = {
				ASSETCATALOG_COMPILER_APPICON_NAME = AppIcon;
				ASSETCATALOG_COMPILER_GLOBAL_ACCENT_COLOR_NAME = AccentColor;
				CODE_SIGN_STYLE = Automatic;
				DEVELOPMENT_ASSET_PATHS = "\"TofyWallet/Preview Content\"";
				DEVELOPMENT_TEAM = D5PK29TDFS;
				ENABLE_PREVIEWS = YES;
				INFOPLIST_FILE = TofyWallet/Info.plist;
				IPHONEOS_DEPLOYMENT_TARGET = 14.0;
				LD_RUNPATH_SEARCH_PATHS = (
					"$(inherited)",
					"@executable_path/Frameworks",
				);
				PRODUCT_BUNDLE_IDENTIFIER = com.codebounds.TofyWallet;
				PRODUCT_NAME = "$(TARGET_NAME)";
				SWIFT_VERSION = 5.0;
				TARGETED_DEVICE_FAMILY = "1,2";
			};
			name = Release;
		};
		84088DB125B9D59D00264589 /* Debug */ = {
			isa = XCBuildConfiguration;
			buildSettings = {
				ALWAYS_EMBED_SWIFT_STANDARD_LIBRARIES = YES;
				BUNDLE_LOADER = "$(TEST_HOST)";
				CODE_SIGN_STYLE = Automatic;
				INFOPLIST_FILE = TofyWalletTests/Info.plist;
				IPHONEOS_DEPLOYMENT_TARGET = 14.0;
				LD_RUNPATH_SEARCH_PATHS = (
					"$(inherited)",
					"@executable_path/Frameworks",
					"@loader_path/Frameworks",
				);
				PRODUCT_BUNDLE_IDENTIFIER = com.codebounds.TofyWalletTests;
				PRODUCT_NAME = "$(TARGET_NAME)";
				SWIFT_VERSION = 5.0;
				TARGETED_DEVICE_FAMILY = "1,2";
				TEST_HOST = "$(BUILT_PRODUCTS_DIR)/TofyWallet.app/TofyWallet";
			};
			name = Debug;
		};
		84088DB225B9D59D00264589 /* Release */ = {
			isa = XCBuildConfiguration;
			buildSettings = {
				ALWAYS_EMBED_SWIFT_STANDARD_LIBRARIES = YES;
				BUNDLE_LOADER = "$(TEST_HOST)";
				CODE_SIGN_STYLE = Automatic;
				INFOPLIST_FILE = TofyWalletTests/Info.plist;
				IPHONEOS_DEPLOYMENT_TARGET = 14.0;
				LD_RUNPATH_SEARCH_PATHS = (
					"$(inherited)",
					"@executable_path/Frameworks",
					"@loader_path/Frameworks",
				);
				PRODUCT_BUNDLE_IDENTIFIER = com.codebounds.TofyWalletTests;
				PRODUCT_NAME = "$(TARGET_NAME)";
				SWIFT_VERSION = 5.0;
				TARGETED_DEVICE_FAMILY = "1,2";
				TEST_HOST = "$(BUILT_PRODUCTS_DIR)/TofyWallet.app/TofyWallet";
			};
			name = Release;
		};
		84088DB425B9D59D00264589 /* Debug */ = {
			isa = XCBuildConfiguration;
			buildSettings = {
				ALWAYS_EMBED_SWIFT_STANDARD_LIBRARIES = YES;
				CODE_SIGN_STYLE = Automatic;
				INFOPLIST_FILE = TofyWalletUITests/Info.plist;
				LD_RUNPATH_SEARCH_PATHS = (
					"$(inherited)",
					"@executable_path/Frameworks",
					"@loader_path/Frameworks",
				);
				PRODUCT_BUNDLE_IDENTIFIER = com.codebounds.TofyWalletUITests;
				PRODUCT_NAME = "$(TARGET_NAME)";
				SWIFT_VERSION = 5.0;
				TARGETED_DEVICE_FAMILY = "1,2";
				TEST_TARGET_NAME = TofyWallet;
			};
			name = Debug;
		};
		84088DB525B9D59D00264589 /* Release */ = {
			isa = XCBuildConfiguration;
			buildSettings = {
				ALWAYS_EMBED_SWIFT_STANDARD_LIBRARIES = YES;
				CODE_SIGN_STYLE = Automatic;
				INFOPLIST_FILE = TofyWalletUITests/Info.plist;
				LD_RUNPATH_SEARCH_PATHS = (
					"$(inherited)",
					"@executable_path/Frameworks",
					"@loader_path/Frameworks",
				);
				PRODUCT_BUNDLE_IDENTIFIER = com.codebounds.TofyWalletUITests;
				PRODUCT_NAME = "$(TARGET_NAME)";
				SWIFT_VERSION = 5.0;
				TARGETED_DEVICE_FAMILY = "1,2";
				TEST_TARGET_NAME = TofyWallet;
			};
			name = Release;
		};
/* End XCBuildConfiguration section */

/* Begin XCConfigurationList section */
		84088D8325B9D59A00264589 /* Build configuration list for PBXProject "TofyWallet" */ = {
			isa = XCConfigurationList;
			buildConfigurations = (
				84088DAB25B9D59D00264589 /* Debug */,
				84088DAC25B9D59D00264589 /* Release */,
			);
			defaultConfigurationIsVisible = 0;
			defaultConfigurationName = Release;
		};
		84088DAD25B9D59D00264589 /* Build configuration list for PBXNativeTarget "TofyWallet" */ = {
			isa = XCConfigurationList;
			buildConfigurations = (
				84088DAE25B9D59D00264589 /* Debug */,
				84088DAF25B9D59D00264589 /* Release */,
			);
			defaultConfigurationIsVisible = 0;
			defaultConfigurationName = Release;
		};
		84088DB025B9D59D00264589 /* Build configuration list for PBXNativeTarget "TofyWalletTests" */ = {
			isa = XCConfigurationList;
			buildConfigurations = (
				84088DB125B9D59D00264589 /* Debug */,
				84088DB225B9D59D00264589 /* Release */,
			);
			defaultConfigurationIsVisible = 0;
			defaultConfigurationName = Release;
		};
		84088DB325B9D59D00264589 /* Build configuration list for PBXNativeTarget "TofyWalletUITests" */ = {
			isa = XCConfigurationList;
			buildConfigurations = (
				84088DB425B9D59D00264589 /* Debug */,
				84088DB525B9D59D00264589 /* Release */,
			);
			defaultConfigurationIsVisible = 0;
			defaultConfigurationName = Release;
		};
/* End XCConfigurationList section */

/* Begin XCRemoteSwiftPackageReference section */
		84088DE025B9D93200264589 /* XCRemoteSwiftPackageReference "lottie-ios" */ = {
			isa = XCRemoteSwiftPackageReference;
			repositoryURL = "https://github.com/airbnb/lottie-ios";
			requirement = {
				kind = upToNextMajorVersion;
				minimumVersion = 3.1.9;
			};
		};
/* End XCRemoteSwiftPackageReference section */

/* Begin XCSwiftPackageProductDependency section */
		84088DE125B9D93200264589 /* Lottie */ = {
			isa = XCSwiftPackageProductDependency;
			package = 84088DE025B9D93200264589 /* XCRemoteSwiftPackageReference "lottie-ios" */;
			productName = Lottie;
		};
/* End XCSwiftPackageProductDependency section */
	};
	rootObject = 84088D8025B9D59A00264589 /* Project object */;
}
